// !$*UTF8*$!
{
	archiveVersion = 1;
	classes = {
	};
	objectVersion = 56;
	objects = {

/* Begin PBXBuildFile section */
		C1817C492918E0C500382A09 /* AppDelegate.swift in Sources */ = {isa = PBXBuildFile; fileRef = C1817C482918E0C500382A09 /* AppDelegate.swift */; };
		C1817C4B2918E0C500382A09 /* SceneDelegate.swift in Sources */ = {isa = PBXBuildFile; fileRef = C1817C4A2918E0C500382A09 /* SceneDelegate.swift */; };
		C1817C522918E0C600382A09 /* Assets.xcassets in Resources */ = {isa = PBXBuildFile; fileRef = C1817C512918E0C600382A09 /* Assets.xcassets */; };
		C1817C552918E0C600382A09 /* LaunchScreen.storyboard in Resources */ = {isa = PBXBuildFile; fileRef = C1817C532918E0C600382A09 /* LaunchScreen.storyboard */; };
		C1817C6C2918FD0300382A09 /* BlackNWhite.swift in Sources */ = {isa = PBXBuildFile; fileRef = C1817C6B2918FD0300382A09 /* BlackNWhite.swift */; };
		C1817C6E2918FD1100382A09 /* BrandColor.swift in Sources */ = {isa = PBXBuildFile; fileRef = C1817C6D2918FD1100382A09 /* BrandColor.swift */; };
		C1817C702918FD1A00382A09 /* GrayScale.swift in Sources */ = {isa = PBXBuildFile; fileRef = C1817C6F2918FD1A00382A09 /* GrayScale.swift */; };
		C1817C722918FD2600382A09 /* SystemColor.swift in Sources */ = {isa = PBXBuildFile; fileRef = C1817C712918FD2600382A09 /* SystemColor.swift */; };
		C19373B7291A7697008C8FED /* OnBoardingViewController.swift in Sources */ = {isa = PBXBuildFile; fileRef = C19373B6291A7697008C8FED /* OnBoardingViewController.swift */; };
		C19373BA291A7FC7008C8FED /* SnapKit in Frameworks */ = {isa = PBXBuildFile; productRef = C19373B9291A7FC7008C8FED /* SnapKit */; };
		C19373BC291A8230008C8FED /* Icons.swift in Sources */ = {isa = PBXBuildFile; fileRef = C19373BB291A8230008C8FED /* Icons.swift */; };
		C19373BE291A89CE008C8FED /* .gitignore in Resources */ = {isa = PBXBuildFile; fileRef = C19373BD291A89CE008C8FED /* .gitignore */; };
		C19373C3291A9E32008C8FED /* NotoSansCJKkr-Medium.otf in Resources */ = {isa = PBXBuildFile; fileRef = C19373C2291A9E32008C8FED /* NotoSansCJKkr-Medium.otf */; };
		C19373C7291A9EE2008C8FED /* Fonts.swift in Sources */ = {isa = PBXBuildFile; fileRef = C19373C6291A9EE2008C8FED /* Fonts.swift */; };
		C19373C9291AA7E5008C8FED /* PageContentsViewController.swift in Sources */ = {isa = PBXBuildFile; fileRef = C19373C8291AA7E5008C8FED /* PageContentsViewController.swift */; };
		C19373CB291AA873008C8FED /* PageViewController.swift in Sources */ = {isa = PBXBuildFile; fileRef = C19373CA291AA873008C8FED /* PageViewController.swift */; };
		C19373CD291ABFE3008C8FED /* PageContents.swift in Sources */ = {isa = PBXBuildFile; fileRef = C19373CC291ABFE3008C8FED /* PageContents.swift */; };
/* End PBXBuildFile section */

/* Begin PBXFileReference section */
		C1817C452918E0C500382A09 /* SeSACStudy.app */ = {isa = PBXFileReference; explicitFileType = wrapper.application; includeInIndex = 0; path = SeSACStudy.app; sourceTree = BUILT_PRODUCTS_DIR; };
		C1817C482918E0C500382A09 /* AppDelegate.swift */ = {isa = PBXFileReference; lastKnownFileType = sourcecode.swift; path = AppDelegate.swift; sourceTree = "<group>"; };
		C1817C4A2918E0C500382A09 /* SceneDelegate.swift */ = {isa = PBXFileReference; lastKnownFileType = sourcecode.swift; path = SceneDelegate.swift; sourceTree = "<group>"; };
		C1817C512918E0C600382A09 /* Assets.xcassets */ = {isa = PBXFileReference; lastKnownFileType = folder.assetcatalog; path = Assets.xcassets; sourceTree = "<group>"; };
		C1817C542918E0C600382A09 /* Base */ = {isa = PBXFileReference; lastKnownFileType = file.storyboard; name = Base; path = Base.lproj/LaunchScreen.storyboard; sourceTree = "<group>"; };
		C1817C562918E0C600382A09 /* Info.plist */ = {isa = PBXFileReference; lastKnownFileType = text.plist.xml; path = Info.plist; sourceTree = "<group>"; };
		C1817C6B2918FD0300382A09 /* BlackNWhite.swift */ = {isa = PBXFileReference; lastKnownFileType = sourcecode.swift; path = BlackNWhite.swift; sourceTree = "<group>"; };
		C1817C6D2918FD1100382A09 /* BrandColor.swift */ = {isa = PBXFileReference; lastKnownFileType = sourcecode.swift; path = BrandColor.swift; sourceTree = "<group>"; };
		C1817C6F2918FD1A00382A09 /* GrayScale.swift */ = {isa = PBXFileReference; lastKnownFileType = sourcecode.swift; path = GrayScale.swift; sourceTree = "<group>"; };
		C1817C712918FD2600382A09 /* SystemColor.swift */ = {isa = PBXFileReference; lastKnownFileType = sourcecode.swift; path = SystemColor.swift; sourceTree = "<group>"; };
		C19373B6291A7697008C8FED /* OnBoardingViewController.swift */ = {isa = PBXFileReference; lastKnownFileType = sourcecode.swift; path = OnBoardingViewController.swift; sourceTree = "<group>"; };
		C19373BB291A8230008C8FED /* Icons.swift */ = {isa = PBXFileReference; lastKnownFileType = sourcecode.swift; path = Icons.swift; sourceTree = "<group>"; };
		C19373BD291A89CE008C8FED /* .gitignore */ = {isa = PBXFileReference; lastKnownFileType = text; path = .gitignore; sourceTree = "<group>"; };
		C19373C2291A9E32008C8FED /* NotoSansCJKkr-Medium.otf */ = {isa = PBXFileReference; lastKnownFileType = file; path = "NotoSansCJKkr-Medium.otf"; sourceTree = "<group>"; };
		C19373C6291A9EE2008C8FED /* Fonts.swift */ = {isa = PBXFileReference; lastKnownFileType = sourcecode.swift; path = Fonts.swift; sourceTree = "<group>"; };
		C19373C8291AA7E5008C8FED /* PageContentsViewController.swift */ = {isa = PBXFileReference; lastKnownFileType = sourcecode.swift; path = PageContentsViewController.swift; sourceTree = "<group>"; };
		C19373CA291AA873008C8FED /* PageViewController.swift */ = {isa = PBXFileReference; lastKnownFileType = sourcecode.swift; path = PageViewController.swift; sourceTree = "<group>"; };
		C19373CC291ABFE3008C8FED /* PageContents.swift */ = {isa = PBXFileReference; lastKnownFileType = sourcecode.swift; path = PageContents.swift; sourceTree = "<group>"; };
/* End PBXFileReference section */

/* Begin PBXFrameworksBuildPhase section */
		C1817C422918E0C500382A09 /* Frameworks */ = {
			isa = PBXFrameworksBuildPhase;
			buildActionMask = 2147483647;
			files = (
				C19373BA291A7FC7008C8FED /* SnapKit in Frameworks */,
			);
			runOnlyForDeploymentPostprocessing = 0;
		};
/* End PBXFrameworksBuildPhase section */

/* Begin PBXGroup section */
		C1817C3C2918E0C500382A09 = {
			isa = PBXGroup;
			children = (
				C1817C472918E0C500382A09 /* SeSACStudy */,
				C1817C462918E0C500382A09 /* Products */,
			);
			sourceTree = "<group>";
		};
		C1817C462918E0C500382A09 /* Products */ = {
			isa = PBXGroup;
			children = (
				C1817C452918E0C500382A09 /* SeSACStudy.app */,
			);
			name = Products;
			sourceTree = "<group>";
		};
		C1817C472918E0C500382A09 /* SeSACStudy */ = {
			isa = PBXGroup;
			children = (
				C19373BD291A89CE008C8FED /* .gitignore */,
				C1817C482918E0C500382A09 /* AppDelegate.swift */,
				C1817C4A2918E0C500382A09 /* SceneDelegate.swift */,
				C1817C562918E0C600382A09 /* Info.plist */,
				C1817C5D2918EAC700382A09 /* Resources */,
				C1817C5C2918E91D00382A09 /* Sources */,
			);
			path = SeSACStudy;
			sourceTree = "<group>";
		};
		C1817C5C2918E91D00382A09 /* Sources */ = {
			isa = PBXGroup;
			children = (
				C1817C6A2918EC3500382A09 /* Cells */,
				C1817C692918EC2800382A09 /* Classes */,
				C1817C642918EBA400382A09 /* Models */,
				C1817C672918EBF900382A09 /* Network */,
				C1817C662918EBEB00382A09 /* Protocols */,
				C1817C652918EBB100382A09 /* ViewControllers */,
				C1817C682918EC1800382A09 /* Views */,
			);
			path = Sources;
			sourceTree = "<group>";
		};
		C1817C5D2918EAC700382A09 /* Resources */ = {
			isa = PBXGroup;
			children = (
				C1817C512918E0C600382A09 /* Assets.xcassets */,
				C1817C5E2918EAE600382A09 /* Constants */,
				C1817C5F2918EB3B00382A09 /* Extensions */,
				C1817C602918EB4900382A09 /* Fonts */,
				C1817C612918EB5100382A09 /* Colors */,
				C1817C622918EB5C00382A09 /* Storyboards */,
			);
			path = Resources;
			sourceTree = "<group>";
		};
		C1817C5E2918EAE600382A09 /* Constants */ = {
			isa = PBXGroup;
			children = (
				C19373BB291A8230008C8FED /* Icons.swift */,
				C19373C6291A9EE2008C8FED /* Fonts.swift */,
			);
			path = Constants;
			sourceTree = "<group>";
		};
		C1817C5F2918EB3B00382A09 /* Extensions */ = {
			isa = PBXGroup;
			children = (
			);
			path = Extensions;
			sourceTree = "<group>";
		};
		C1817C602918EB4900382A09 /* Fonts */ = {
			isa = PBXGroup;
			children = (
				C19373C2291A9E32008C8FED /* NotoSansCJKkr-Medium.otf */,
			);
			path = Fonts;
			sourceTree = "<group>";
		};
		C1817C612918EB5100382A09 /* Colors */ = {
			isa = PBXGroup;
			children = (
				C1817C6B2918FD0300382A09 /* BlackNWhite.swift */,
				C1817C6D2918FD1100382A09 /* BrandColor.swift */,
				C1817C6F2918FD1A00382A09 /* GrayScale.swift */,
				C1817C712918FD2600382A09 /* SystemColor.swift */,
			);
			path = Colors;
			sourceTree = "<group>";
		};
		C1817C622918EB5C00382A09 /* Storyboards */ = {
			isa = PBXGroup;
			children = (
				C1817C532918E0C600382A09 /* LaunchScreen.storyboard */,
			);
			path = Storyboards;
			sourceTree = "<group>";
		};
		C1817C642918EBA400382A09 /* Models */ = {
			isa = PBXGroup;
			children = (
				C19373CC291ABFE3008C8FED /* PageContents.swift */,
			);
			path = Models;
			sourceTree = "<group>";
		};
		C1817C652918EBB100382A09 /* ViewControllers */ = {
			isa = PBXGroup;
			children = (
				C19373B6291A7697008C8FED /* OnBoardingViewController.swift */,
				C19373C8291AA7E5008C8FED /* PageContentsViewController.swift */,
				C19373CA291AA873008C8FED /* PageViewController.swift */,
			);
			path = ViewControllers;
			sourceTree = "<group>";
		};
		C1817C662918EBEB00382A09 /* Protocols */ = {
			isa = PBXGroup;
			children = (
			);
			path = Protocols;
			sourceTree = "<group>";
		};
		C1817C672918EBF900382A09 /* Network */ = {
			isa = PBXGroup;
			children = (
			);
			path = Network;
			sourceTree = "<group>";
		};
		C1817C682918EC1800382A09 /* Views */ = {
			isa = PBXGroup;
			children = (
			);
			path = Views;
			sourceTree = "<group>";
		};
		C1817C692918EC2800382A09 /* Classes */ = {
			isa = PBXGroup;
			children = (
			);
			path = Classes;
			sourceTree = "<group>";
		};
		C1817C6A2918EC3500382A09 /* Cells */ = {
			isa = PBXGroup;
			children = (
			);
			path = Cells;
			sourceTree = "<group>";
		};
/* End PBXGroup section */

/* Begin PBXNativeTarget section */
		C1817C442918E0C500382A09 /* SeSACStudy */ = {
			isa = PBXNativeTarget;
			buildConfigurationList = C1817C592918E0C600382A09 /* Build configuration list for PBXNativeTarget "SeSACStudy" */;
			buildPhases = (
				C1817C412918E0C500382A09 /* Sources */,
				C1817C422918E0C500382A09 /* Frameworks */,
				C1817C432918E0C500382A09 /* Resources */,
			);
			buildRules = (
			);
			dependencies = (
			);
			name = SeSACStudy;
			packageProductDependencies = (
				C19373B9291A7FC7008C8FED /* SnapKit */,
			);
			productName = SeSACStudy;
			productReference = C1817C452918E0C500382A09 /* SeSACStudy.app */;
			productType = "com.apple.product-type.application";
		};
/* End PBXNativeTarget section */

/* Begin PBXProject section */
		C1817C3D2918E0C500382A09 /* Project object */ = {
			isa = PBXProject;
			attributes = {
				BuildIndependentTargetsInParallel = 1;
				LastSwiftUpdateCheck = 1410;
				LastUpgradeCheck = 1410;
				TargetAttributes = {
					C1817C442918E0C500382A09 = {
						CreatedOnToolsVersion = 14.1;
					};
				};
			};
			buildConfigurationList = C1817C402918E0C500382A09 /* Build configuration list for PBXProject "SeSACStudy" */;
			compatibilityVersion = "Xcode 14.0";
			developmentRegion = en;
			hasScannedForEncodings = 0;
			knownRegions = (
				en,
				Base,
			);
			mainGroup = C1817C3C2918E0C500382A09;
			packageReferences = (
				C19373B8291A7FC7008C8FED /* XCRemoteSwiftPackageReference "SnapKit" */,
			);
			productRefGroup = C1817C462918E0C500382A09 /* Products */;
			projectDirPath = "";
			projectRoot = "";
			targets = (
				C1817C442918E0C500382A09 /* SeSACStudy */,
			);
		};
/* End PBXProject section */

/* Begin PBXResourcesBuildPhase section */
		C1817C432918E0C500382A09 /* Resources */ = {
			isa = PBXResourcesBuildPhase;
			buildActionMask = 2147483647;
			files = (
				C1817C552918E0C600382A09 /* LaunchScreen.storyboard in Resources */,
				C19373BE291A89CE008C8FED /* .gitignore in Resources */,
				C1817C522918E0C600382A09 /* Assets.xcassets in Resources */,
				C19373C3291A9E32008C8FED /* NotoSansCJKkr-Medium.otf in Resources */,
			);
			runOnlyForDeploymentPostprocessing = 0;
		};
/* End PBXResourcesBuildPhase section */

/* Begin PBXSourcesBuildPhase section */
		C1817C412918E0C500382A09 /* Sources */ = {
			isa = PBXSourcesBuildPhase;
			buildActionMask = 2147483647;
			files = (
				C19373CD291ABFE3008C8FED /* PageContents.swift in Sources */,
				C19373C9291AA7E5008C8FED /* PageContentsViewController.swift in Sources */,
				C1817C6C2918FD0300382A09 /* BlackNWhite.swift in Sources */,
				C19373CB291AA873008C8FED /* PageViewController.swift in Sources */,
				C1817C492918E0C500382A09 /* AppDelegate.swift in Sources */,
				C19373BC291A8230008C8FED /* Icons.swift in Sources */,
				C19373B7291A7697008C8FED /* OnBoardingViewController.swift in Sources */,
				C1817C4B2918E0C500382A09 /* SceneDelegate.swift in Sources */,
				C1817C6E2918FD1100382A09 /* BrandColor.swift in Sources */,
				C1817C702918FD1A00382A09 /* GrayScale.swift in Sources */,
				C19373C7291A9EE2008C8FED /* Fonts.swift in Sources */,
				C1817C722918FD2600382A09 /* SystemColor.swift in Sources */,
			);
			runOnlyForDeploymentPostprocessing = 0;
		};
/* End PBXSourcesBuildPhase section */

/* Begin PBXVariantGroup section */
		C1817C532918E0C600382A09 /* LaunchScreen.storyboard */ = {
			isa = PBXVariantGroup;
			children = (
				C1817C542918E0C600382A09 /* Base */,
			);
			name = LaunchScreen.storyboard;
			sourceTree = "<group>";
		};
/* End PBXVariantGroup section */

/* Begin XCBuildConfiguration section */
		C1817C572918E0C600382A09 /* Debug */ = {
			isa = XCBuildConfiguration;
			buildSettings = {
				ALWAYS_SEARCH_USER_PATHS = NO;
				CLANG_ANALYZER_NONNULL = YES;
				CLANG_ANALYZER_NUMBER_OBJECT_CONVERSION = YES_AGGRESSIVE;
				CLANG_CXX_LANGUAGE_STANDARD = "gnu++20";
				CLANG_ENABLE_MODULES = YES;
				CLANG_ENABLE_OBJC_ARC = YES;
				CLANG_ENABLE_OBJC_WEAK = YES;
				CLANG_WARN_BLOCK_CAPTURE_AUTORELEASING = YES;
				CLANG_WARN_BOOL_CONVERSION = YES;
				CLANG_WARN_COMMA = YES;
				CLANG_WARN_CONSTANT_CONVERSION = YES;
				CLANG_WARN_DEPRECATED_OBJC_IMPLEMENTATIONS = YES;
				CLANG_WARN_DIRECT_OBJC_ISA_USAGE = YES_ERROR;
				CLANG_WARN_DOCUMENTATION_COMMENTS = YES;
				CLANG_WARN_EMPTY_BODY = YES;
				CLANG_WARN_ENUM_CONVERSION = YES;
				CLANG_WARN_INFINITE_RECURSION = YES;
				CLANG_WARN_INT_CONVERSION = YES;
				CLANG_WARN_NON_LITERAL_NULL_CONVERSION = YES;
				CLANG_WARN_OBJC_IMPLICIT_RETAIN_SELF = YES;
				CLANG_WARN_OBJC_LITERAL_CONVERSION = YES;
				CLANG_WARN_OBJC_ROOT_CLASS = YES_ERROR;
				CLANG_WARN_QUOTED_INCLUDE_IN_FRAMEWORK_HEADER = YES;
				CLANG_WARN_RANGE_LOOP_ANALYSIS = YES;
				CLANG_WARN_STRICT_PROTOTYPES = YES;
				CLANG_WARN_SUSPICIOUS_MOVE = YES;
				CLANG_WARN_UNGUARDED_AVAILABILITY = YES_AGGRESSIVE;
				CLANG_WARN_UNREACHABLE_CODE = YES;
				CLANG_WARN__DUPLICATE_METHOD_MATCH = YES;
				COPY_PHASE_STRIP = NO;
				DEBUG_INFORMATION_FORMAT = dwarf;
				ENABLE_STRICT_OBJC_MSGSEND = YES;
				ENABLE_TESTABILITY = YES;
				GCC_C_LANGUAGE_STANDARD = gnu11;
				GCC_DYNAMIC_NO_PIC = NO;
				GCC_NO_COMMON_BLOCKS = YES;
				GCC_OPTIMIZATION_LEVEL = 0;
				GCC_PREPROCESSOR_DEFINITIONS = (
					"DEBUG=1",
					"$(inherited)",
				);
				GCC_WARN_64_TO_32_BIT_CONVERSION = YES;
				GCC_WARN_ABOUT_RETURN_TYPE = YES_ERROR;
				GCC_WARN_UNDECLARED_SELECTOR = YES;
				GCC_WARN_UNINITIALIZED_AUTOS = YES_AGGRESSIVE;
				GCC_WARN_UNUSED_FUNCTION = YES;
				GCC_WARN_UNUSED_VARIABLE = YES;
				IPHONEOS_DEPLOYMENT_TARGET = 16.1;
				MTL_ENABLE_DEBUG_INFO = INCLUDE_SOURCE;
				MTL_FAST_MATH = YES;
				ONLY_ACTIVE_ARCH = YES;
				SDKROOT = iphoneos;
				SWIFT_ACTIVE_COMPILATION_CONDITIONS = DEBUG;
				SWIFT_OPTIMIZATION_LEVEL = "-Onone";
			};
			name = Debug;
		};
		C1817C582918E0C600382A09 /* Release */ = {
			isa = XCBuildConfiguration;
			buildSettings = {
				ALWAYS_SEARCH_USER_PATHS = NO;
				CLANG_ANALYZER_NONNULL = YES;
				CLANG_ANALYZER_NUMBER_OBJECT_CONVERSION = YES_AGGRESSIVE;
				CLANG_CXX_LANGUAGE_STANDARD = "gnu++20";
				CLANG_ENABLE_MODULES = YES;
				CLANG_ENABLE_OBJC_ARC = YES;
				CLANG_ENABLE_OBJC_WEAK = YES;
				CLANG_WARN_BLOCK_CAPTURE_AUTORELEASING = YES;
				CLANG_WARN_BOOL_CONVERSION = YES;
				CLANG_WARN_COMMA = YES;
				CLANG_WARN_CONSTANT_CONVERSION = YES;
				CLANG_WARN_DEPRECATED_OBJC_IMPLEMENTATIONS = YES;
				CLANG_WARN_DIRECT_OBJC_ISA_USAGE = YES_ERROR;
				CLANG_WARN_DOCUMENTATION_COMMENTS = YES;
				CLANG_WARN_EMPTY_BODY = YES;
				CLANG_WARN_ENUM_CONVERSION = YES;
				CLANG_WARN_INFINITE_RECURSION = YES;
				CLANG_WARN_INT_CONVERSION = YES;
				CLANG_WARN_NON_LITERAL_NULL_CONVERSION = YES;
				CLANG_WARN_OBJC_IMPLICIT_RETAIN_SELF = YES;
				CLANG_WARN_OBJC_LITERAL_CONVERSION = YES;
				CLANG_WARN_OBJC_ROOT_CLASS = YES_ERROR;
				CLANG_WARN_QUOTED_INCLUDE_IN_FRAMEWORK_HEADER = YES;
				CLANG_WARN_RANGE_LOOP_ANALYSIS = YES;
				CLANG_WARN_STRICT_PROTOTYPES = YES;
				CLANG_WARN_SUSPICIOUS_MOVE = YES;
				CLANG_WARN_UNGUARDED_AVAILABILITY = YES_AGGRESSIVE;
				CLANG_WARN_UNREACHABLE_CODE = YES;
				CLANG_WARN__DUPLICATE_METHOD_MATCH = YES;
				COPY_PHASE_STRIP = NO;
				DEBUG_INFORMATION_FORMAT = "dwarf-with-dsym";
				ENABLE_NS_ASSERTIONS = NO;
				ENABLE_STRICT_OBJC_MSGSEND = YES;
				GCC_C_LANGUAGE_STANDARD = gnu11;
				GCC_NO_COMMON_BLOCKS = YES;
				GCC_WARN_64_TO_32_BIT_CONVERSION = YES;
				GCC_WARN_ABOUT_RETURN_TYPE = YES_ERROR;
				GCC_WARN_UNDECLARED_SELECTOR = YES;
				GCC_WARN_UNINITIALIZED_AUTOS = YES_AGGRESSIVE;
				GCC_WARN_UNUSED_FUNCTION = YES;
				GCC_WARN_UNUSED_VARIABLE = YES;
				IPHONEOS_DEPLOYMENT_TARGET = 16.1;
				MTL_ENABLE_DEBUG_INFO = NO;
				MTL_FAST_MATH = YES;
				SDKROOT = iphoneos;
				SWIFT_COMPILATION_MODE = wholemodule;
				SWIFT_OPTIMIZATION_LEVEL = "-O";
				VALIDATE_PRODUCT = YES;
			};
			name = Release;
		};
		C1817C5A2918E0C600382A09 /* Debug */ = {
			isa = XCBuildConfiguration;
			buildSettings = {
				ASSETCATALOG_COMPILER_APPICON_NAME = AppIcon;
				ASSETCATALOG_COMPILER_GLOBAL_ACCENT_COLOR_NAME = AccentColor;
				CODE_SIGN_STYLE = Automatic;
				CURRENT_PROJECT_VERSION = 1;
				DEVELOPMENT_TEAM = 54R3763M9G;
				GENERATE_INFOPLIST_FILE = YES;
				INFOPLIST_FILE = SeSACStudy/Info.plist;
				INFOPLIST_KEY_UIApplicationSupportsIndirectInputEvents = YES;
				INFOPLIST_KEY_UILaunchStoryboardName = LaunchScreen.storyboard;
				INFOPLIST_KEY_UIMainStoryboardFile = "";
				INFOPLIST_KEY_UISupportedInterfaceOrientations_iPad = "UIInterfaceOrientationPortrait UIInterfaceOrientationPortraitUpsideDown UIInterfaceOrientationLandscapeLeft UIInterfaceOrientationLandscapeRight";
				INFOPLIST_KEY_UISupportedInterfaceOrientations_iPhone = "UIInterfaceOrientationPortrait UIInterfaceOrientationLandscapeLeft UIInterfaceOrientationLandscapeRight";
				IPHONEOS_DEPLOYMENT_TARGET = 15.0;
				LD_RUNPATH_SEARCH_PATHS = (
					"$(inherited)",
					"@executable_path/Frameworks",
				);
				MARKETING_VERSION = 1.0;
				PRODUCT_BUNDLE_IDENTIFIER = com.skylerLee.SeSACStudy;
				PRODUCT_NAME = "$(TARGET_NAME)";
				SWIFT_EMIT_LOC_STRINGS = YES;
				SWIFT_VERSION = 5.0;
				TARGETED_DEVICE_FAMILY = "1,2";
			};
			name = Debug;
		};
		C1817C5B2918E0C600382A09 /* Release */ = {
			isa = XCBuildConfiguration;
			buildSettings = {
				ASSETCATALOG_COMPILER_APPICON_NAME = AppIcon;
				ASSETCATALOG_COMPILER_GLOBAL_ACCENT_COLOR_NAME = AccentColor;
				CODE_SIGN_STYLE = Automatic;
				CURRENT_PROJECT_VERSION = 1;
				DEVELOPMENT_TEAM = 54R3763M9G;
				GENERATE_INFOPLIST_FILE = YES;
				INFOPLIST_FILE = SeSACStudy/Info.plist;
				INFOPLIST_KEY_UIApplicationSupportsIndirectInputEvents = YES;
				INFOPLIST_KEY_UILaunchStoryboardName = LaunchScreen.storyboard;
				INFOPLIST_KEY_UIMainStoryboardFile = "";
				INFOPLIST_KEY_UISupportedInterfaceOrientations_iPad = "UIInterfaceOrientationPortrait UIInterfaceOrientationPortraitUpsideDown UIInterfaceOrientationLandscapeLeft UIInterfaceOrientationLandscapeRight";
				INFOPLIST_KEY_UISupportedInterfaceOrientations_iPhone = "UIInterfaceOrientationPortrait UIInterfaceOrientationLandscapeLeft UIInterfaceOrientationLandscapeRight";
				IPHONEOS_DEPLOYMENT_TARGET = 15.0;
				LD_RUNPATH_SEARCH_PATHS = (
					"$(inherited)",
					"@executable_path/Frameworks",
				);
				MARKETING_VERSION = 1.0;
				PRODUCT_BUNDLE_IDENTIFIER = com.skylerLee.SeSACStudy;
				PRODUCT_NAME = "$(TARGET_NAME)";
				SWIFT_EMIT_LOC_STRINGS = YES;
				SWIFT_VERSION = 5.0;
				TARGETED_DEVICE_FAMILY = "1,2";
			};
			name = Release;
		};
/* End XCBuildConfiguration section */

/* Begin XCConfigurationList section */
		C1817C402918E0C500382A09 /* Build configuration list for PBXProject "SeSACStudy" */ = {
			isa = XCConfigurationList;
			buildConfigurations = (
				C1817C572918E0C600382A09 /* Debug */,
				C1817C582918E0C600382A09 /* Release */,
			);
			defaultConfigurationIsVisible = 0;
			defaultConfigurationName = Release;
		};
		C1817C592918E0C600382A09 /* Build configuration list for PBXNativeTarget "SeSACStudy" */ = {
			isa = XCConfigurationList;
			buildConfigurations = (
				C1817C5A2918E0C600382A09 /* Debug */,
				C1817C5B2918E0C600382A09 /* Release */,
			);
			defaultConfigurationIsVisible = 0;
			defaultConfigurationName = Release;
		};
/* End XCConfigurationList section */

/* Begin XCRemoteSwiftPackageReference section */
		C19373B8291A7FC7008C8FED /* XCRemoteSwiftPackageReference "SnapKit" */ = {
			isa = XCRemoteSwiftPackageReference;
			repositoryURL = "https://github.com/SnapKit/SnapKit.git";
			requirement = {
				kind = upToNextMajorVersion;
				minimumVersion = 5.0.0;
			};
		};
/* End XCRemoteSwiftPackageReference section */

/* Begin XCSwiftPackageProductDependency section */
		C19373B9291A7FC7008C8FED /* SnapKit */ = {
			isa = XCSwiftPackageProductDependency;
			package = C19373B8291A7FC7008C8FED /* XCRemoteSwiftPackageReference "SnapKit" */;
			productName = SnapKit;
		};
/* End XCSwiftPackageProductDependency section */
	};
	rootObject = C1817C3D2918E0C500382A09 /* Project object */;
}
