// !$*UTF8*$!
{
	archiveVersion = 1;
	classes = {
	};
	objectVersion = 56;
	objects = {

/* Begin PBXBuildFile section */
		C1089EAF2937361500A782A5 /* UINavigationController + Extensions.swift in Sources */ = {isa = PBXBuildFile; fileRef = C1089EAE2937361500A782A5 /* UINavigationController + Extensions.swift */; };
		C10CBA1F292CA5260010E812 /* UIButton + Extensions.swift in Sources */ = {isa = PBXBuildFile; fileRef = C10CBA1E292CA5260010E812 /* UIButton + Extensions.swift */; };
		C10CBA21292CDFFA0010E812 /* AnnotationType.swift in Sources */ = {isa = PBXBuildFile; fileRef = C10CBA20292CDFFA0010E812 /* AnnotationType.swift */; };
		C10CBA25292D5ECD0010E812 /* GenderFilterTap.swift in Sources */ = {isa = PBXBuildFile; fileRef = C10CBA24292D5ECD0010E812 /* GenderFilterTap.swift */; };
		C110D27229275C0600CD536D /* ThumbButton.swift in Sources */ = {isa = PBXBuildFile; fileRef = C110D27129275C0600CD536D /* ThumbButton.swift */; };
		C110D27629275C8F00CD536D /* CustomSlider.swift in Sources */ = {isa = PBXBuildFile; fileRef = C110D27529275C8F00CD536D /* CustomSlider.swift */; };
		C110D2782927681C00CD536D /* Comparable + Extensions.swift in Sources */ = {isa = PBXBuildFile; fileRef = C110D2772927681C00CD536D /* Comparable + Extensions.swift */; };
		C110D27A2927931700CD536D /* UIImage + Extensions.swift in Sources */ = {isa = PBXBuildFile; fileRef = C110D2792927931700CD536D /* UIImage + Extensions.swift */; };
		C11AE563293C8E9300D326AC /* MoreMenuButton.swift in Sources */ = {isa = PBXBuildFile; fileRef = C11AE562293C8E9300D326AC /* MoreMenuButton.swift */; };
		C11AE567293CA02600D326AC /* ReviewViewController.swift in Sources */ = {isa = PBXBuildFile; fileRef = C11AE566293CA02600D326AC /* ReviewViewController.swift */; };
		C11AE569293CA1A200D326AC /* ReviewView.swift in Sources */ = {isa = PBXBuildFile; fileRef = C11AE568293CA1A200D326AC /* ReviewView.swift */; };
		C11AE56B293CA6B900D326AC /* ReviewButton.swift in Sources */ = {isa = PBXBuildFile; fileRef = C11AE56A293CA6B900D326AC /* ReviewButton.swift */; };
		C11DC4752938B7AD00569282 /* ChatView.swift in Sources */ = {isa = PBXBuildFile; fileRef = C11DC4742938B7AD00569282 /* ChatView.swift */; };
		C11DC4782938B9B900569282 /* DateTableViewCell.swift in Sources */ = {isa = PBXBuildFile; fileRef = C11DC4772938B9B900569282 /* DateTableViewCell.swift */; };
		C11DC47A2938B9C600569282 /* MyChatTableViewCell.swift in Sources */ = {isa = PBXBuildFile; fileRef = C11DC4792938B9C600569282 /* MyChatTableViewCell.swift */; };
		C11DC47C2938C87E00569282 /* YourChatTableViewCell.swift in Sources */ = {isa = PBXBuildFile; fileRef = C11DC47B2938C87E00569282 /* YourChatTableViewCell.swift */; };
		C11DC47E2939280B00569282 /* ChatRouter.swift in Sources */ = {isa = PBXBuildFile; fileRef = C11DC47D2939280B00569282 /* ChatRouter.swift */; };
		C124BE7529474E630051E44F /* RxCocoa in Frameworks */ = {isa = PBXBuildFile; productRef = C124BE7429474E630051E44F /* RxCocoa */; };
		C124BE7729474E630051E44F /* RxSwift in Frameworks */ = {isa = PBXBuildFile; productRef = C124BE7629474E630051E44F /* RxSwift */; };
		C124BE7B2947985A0051E44F /* CancelViewController.swift in Sources */ = {isa = PBXBuildFile; fileRef = C124BE7A2947985A0051E44F /* CancelViewController.swift */; };
		C12CD14C292363E10083C869 /* InfoSection.swift in Sources */ = {isa = PBXBuildFile; fileRef = C12CD14B292363E10083C869 /* InfoSection.swift */; };
		C12CD1542923BF9A0083C869 /* MyInfoViewModel.swift in Sources */ = {isa = PBXBuildFile; fileRef = C12CD1532923BF9A0083C869 /* MyInfoViewModel.swift */; };
		C133DC2E2930ACD300CC0E7F /* Tabman in Frameworks */ = {isa = PBXBuildFile; productRef = C133DC2D2930ACD300CC0E7F /* Tabman */; };
		C133DC302930AFC900CC0E7F /* SesacSearchTabViewController.swift in Sources */ = {isa = PBXBuildFile; fileRef = C133DC2F2930AFC900CC0E7F /* SesacSearchTabViewController.swift */; };
		C133DC342931E8A400CC0E7F /* InfoData.swift in Sources */ = {isa = PBXBuildFile; fileRef = C133DC332931E8A400CC0E7F /* InfoData.swift */; };
		C1440694291C20E600B6C9EC /* PhoneInputView.swift in Sources */ = {isa = PBXBuildFile; fileRef = C1440693291C20E600B6C9EC /* PhoneInputView.swift */; };
		C1440696291C20F700B6C9EC /* PhoneInputViewController.swift in Sources */ = {isa = PBXBuildFile; fileRef = C1440695291C20F700B6C9EC /* PhoneInputViewController.swift */; };
		C1440698291C210900B6C9EC /* PhoneInputViewModel.swift in Sources */ = {isa = PBXBuildFile; fileRef = C1440697291C210900B6C9EC /* PhoneInputViewModel.swift */; };
		C14D215F2920F33400FF2AF3 /* FirebaseAuth in Frameworks */ = {isa = PBXBuildFile; productRef = C14D215E2920F33400FF2AF3 /* FirebaseAuth */; };
		C14D21612920F33400FF2AF3 /* FirebaseMessaging in Frameworks */ = {isa = PBXBuildFile; productRef = C14D21602920F33400FF2AF3 /* FirebaseMessaging */; };
		C14D21632920F5C200FF2AF3 /* APIService.swift in Sources */ = {isa = PBXBuildFile; fileRef = C14D21622920F5C200FF2AF3 /* APIService.swift */; };
		C14D21652920F5C800FF2AF3 /* Router.swift in Sources */ = {isa = PBXBuildFile; fileRef = C14D21642920F5C800FF2AF3 /* Router.swift */; };
		C14D21682920F5F600FF2AF3 /* Alamofire in Frameworks */ = {isa = PBXBuildFile; productRef = C14D21672920F5F600FF2AF3 /* Alamofire */; };
		C14D216A2920FB7D00FF2AF3 /* DTO.swift in Sources */ = {isa = PBXBuildFile; fileRef = C14D21692920FB7D00FF2AF3 /* DTO.swift */; };
		C150F4CB291B5348004BF518 /* NotoSansCJKkr-Regular.otf in Resources */ = {isa = PBXBuildFile; fileRef = C150F4CA291B5348004BF518 /* NotoSansCJKkr-Regular.otf */; };
		C161BE1B292E06D80066786F /* AnnotationList.swift in Sources */ = {isa = PBXBuildFile; fileRef = C161BE1A292E06D80066786F /* AnnotationList.swift */; };
		C161BE1E292E275B0066786F /* StudyInputViewController.swift in Sources */ = {isa = PBXBuildFile; fileRef = C161BE1D292E275B0066786F /* StudyInputViewController.swift */; };
		C161BE22292E28530066786F /* StudyInputViewModel.swift in Sources */ = {isa = PBXBuildFile; fileRef = C161BE21292E28530066786F /* StudyInputViewModel.swift */; };
		C164ADD52947A4360000968C /* CancelCase.swift in Sources */ = {isa = PBXBuildFile; fileRef = C164ADD42947A4360000968C /* CancelCase.swift */; };
		C17C5B172932355600594491 /* SesacSearchCollectionReusableView.swift in Sources */ = {isa = PBXBuildFile; fileRef = C17C5B162932355600594491 /* SesacSearchCollectionReusableView.swift */; };
		C17D12F8291EA9F5007D8049 /* TextFieldControl.swift in Sources */ = {isa = PBXBuildFile; fileRef = C17D12F7291EA9F5007D8049 /* TextFieldControl.swift */; };
		C17D12FA291EAF58007D8049 /* GenderTap.swift in Sources */ = {isa = PBXBuildFile; fileRef = C17D12F9291EAF58007D8049 /* GenderTap.swift */; };
		C17D12FF291ED39A007D8049 /* LaunchViewController.swift in Sources */ = {isa = PBXBuildFile; fileRef = C17D12FE291ED39A007D8049 /* LaunchViewController.swift */; };
		C17D1301291ED671007D8049 /* SplashView.swift in Sources */ = {isa = PBXBuildFile; fileRef = C17D1300291ED671007D8049 /* SplashView.swift */; };
		C1817C492918E0C500382A09 /* AppDelegate.swift in Sources */ = {isa = PBXBuildFile; fileRef = C1817C482918E0C500382A09 /* AppDelegate.swift */; };
		C1817C4B2918E0C500382A09 /* SceneDelegate.swift in Sources */ = {isa = PBXBuildFile; fileRef = C1817C4A2918E0C500382A09 /* SceneDelegate.swift */; };
		C1817C522918E0C600382A09 /* Assets.xcassets in Resources */ = {isa = PBXBuildFile; fileRef = C1817C512918E0C600382A09 /* Assets.xcassets */; };
		C1817C552918E0C600382A09 /* LaunchScreen.storyboard in Resources */ = {isa = PBXBuildFile; fileRef = C1817C532918E0C600382A09 /* LaunchScreen.storyboard */; };
		C1817C6C2918FD0300382A09 /* BlackNWhite.swift in Sources */ = {isa = PBXBuildFile; fileRef = C1817C6B2918FD0300382A09 /* BlackNWhite.swift */; };
		C1817C6E2918FD1100382A09 /* BrandColor.swift in Sources */ = {isa = PBXBuildFile; fileRef = C1817C6D2918FD1100382A09 /* BrandColor.swift */; };
		C1817C702918FD1A00382A09 /* GrayScale.swift in Sources */ = {isa = PBXBuildFile; fileRef = C1817C6F2918FD1A00382A09 /* GrayScale.swift */; };
		C1817C722918FD2600382A09 /* SystemColor.swift in Sources */ = {isa = PBXBuildFile; fileRef = C1817C712918FD2600382A09 /* SystemColor.swift */; };
		C184086D292E97C50076FB8C /* StudyInputCollectionReusableView.swift in Sources */ = {isa = PBXBuildFile; fileRef = C184086C292E97C50076FB8C /* StudyInputCollectionReusableView.swift */; };
		C184086F292E99D50076FB8C /* StudyInputCollectionViewCell.swift in Sources */ = {isa = PBXBuildFile; fileRef = C184086E292E99D50076FB8C /* StudyInputCollectionViewCell.swift */; };
		C1840871292F5FB30076FB8C /* TagList.swift in Sources */ = {isa = PBXBuildFile; fileRef = C1840870292F5FB30076FB8C /* TagList.swift */; };
		C1840876292FEA8E0076FB8C /* SesacSearchViewController.swift in Sources */ = {isa = PBXBuildFile; fileRef = C1840875292FEA8E0076FB8C /* SesacSearchViewController.swift */; };
		C1840878292FEAA20076FB8C /* SesacSearchViewModel.swift in Sources */ = {isa = PBXBuildFile; fileRef = C1840877292FEAA20076FB8C /* SesacSearchViewModel.swift */; };
		C184087E292FEE320076FB8C /* EmptyView.swift in Sources */ = {isa = PBXBuildFile; fileRef = C184087D292FEE320076FB8C /* EmptyView.swift */; };
		C19373B7291A7697008C8FED /* OnBoardingViewController.swift in Sources */ = {isa = PBXBuildFile; fileRef = C19373B6291A7697008C8FED /* OnBoardingViewController.swift */; };
		C19373BA291A7FC7008C8FED /* SnapKit in Frameworks */ = {isa = PBXBuildFile; productRef = C19373B9291A7FC7008C8FED /* SnapKit */; };
		C19373BC291A8230008C8FED /* Icons.swift in Sources */ = {isa = PBXBuildFile; fileRef = C19373BB291A8230008C8FED /* Icons.swift */; };
		C19373BE291A89CE008C8FED /* .gitignore in Resources */ = {isa = PBXBuildFile; fileRef = C19373BD291A89CE008C8FED /* .gitignore */; };
		C19373C3291A9E32008C8FED /* NotoSansCJKkr-Medium.otf in Resources */ = {isa = PBXBuildFile; fileRef = C19373C2291A9E32008C8FED /* NotoSansCJKkr-Medium.otf */; };
		C19373C7291A9EE2008C8FED /* Fonts.swift in Sources */ = {isa = PBXBuildFile; fileRef = C19373C6291A9EE2008C8FED /* Fonts.swift */; };
		C19373C9291AA7E5008C8FED /* PageContentsViewController.swift in Sources */ = {isa = PBXBuildFile; fileRef = C19373C8291AA7E5008C8FED /* PageContentsViewController.swift */; };
		C19373CB291AA873008C8FED /* PageViewController.swift in Sources */ = {isa = PBXBuildFile; fileRef = C19373CA291AA873008C8FED /* PageViewController.swift */; };
		C19373CD291ABFE3008C8FED /* PageContents.swift in Sources */ = {isa = PBXBuildFile; fileRef = C19373CC291ABFE3008C8FED /* PageContents.swift */; };
		C19CA02F291B83E700CC6761 /* PhoneAuthViewController.swift in Sources */ = {isa = PBXBuildFile; fileRef = C19CA02E291B83E700CC6761 /* PhoneAuthViewController.swift */; };
		C19CA031291B862000CC6761 /* PhoneAuthView.swift in Sources */ = {isa = PBXBuildFile; fileRef = C19CA030291B862000CC6761 /* PhoneAuthView.swift */; };
		C19CA033291B862F00CC6761 /* PhoneAuthViewModel.swift in Sources */ = {isa = PBXBuildFile; fileRef = C19CA032291B862F00CC6761 /* PhoneAuthViewModel.swift */; };
		C19CA035291B870200CC6761 /* BaseView.swift in Sources */ = {isa = PBXBuildFile; fileRef = C19CA034291B870200CC6761 /* BaseView.swift */; };
		C19CA037291B874000CC6761 /* BaseViewController.swift in Sources */ = {isa = PBXBuildFile; fileRef = C19CA036291B874000CC6761 /* BaseViewController.swift */; };
		C19CA03C291B950E00CC6761 /* Toast in Frameworks */ = {isa = PBXBuildFile; productRef = C19CA03B291B950E00CC6761 /* Toast */; };
		C19CA043291B96F000CC6761 /* CommonViewModel.swift in Sources */ = {isa = PBXBuildFile; fileRef = C19CA042291B96F000CC6761 /* CommonViewModel.swift */; };
		C19CA045291BA20400CC6761 /* String + Extensions.swift in Sources */ = {isa = PBXBuildFile; fileRef = C19CA044291BA20400CC6761 /* String + Extensions.swift */; };
		C1A6E4CA2939EC2C00F46DCC /* TextCase.swift in Sources */ = {isa = PBXBuildFile; fileRef = C1A6E4C92939EC2C00F46DCC /* TextCase.swift */; };
		C1A6E4CC293A2A8900F46DCC /* BasePaddingLabel.swift in Sources */ = {isa = PBXBuildFile; fileRef = C1A6E4CB293A2A8900F46DCC /* BasePaddingLabel.swift */; };
		C1A6E4CE293C5CF800F46DCC /* ChatViewModel.swift in Sources */ = {isa = PBXBuildFile; fileRef = C1A6E4CD293C5CF800F46DCC /* ChatViewModel.swift */; };
		C1ACFDA2291F8A97002941DF /* AuthTap.swift in Sources */ = {isa = PBXBuildFile; fileRef = C1ACFDA1291F8A97002941DF /* AuthTap.swift */; };
		C1ADB799292B8C8800867752 /* WithdrawViewController.swift in Sources */ = {isa = PBXBuildFile; fileRef = C1ADB798292B8C8800867752 /* WithdrawViewController.swift */; };
		C1B5DB92294842AC0040FB29 /* RxKeyboard in Frameworks */ = {isa = PBXBuildFile; productRef = C1B5DB91294842AC0040FB29 /* RxKeyboard */; };
		C1B5DB942948517A0040FB29 /* QueueRouter.swift in Sources */ = {isa = PBXBuildFile; fileRef = C1B5DB932948517A0040FB29 /* QueueRouter.swift */; };
		C1B5DB9629485AB90040FB29 /* ReviewCase.swift in Sources */ = {isa = PBXBuildFile; fileRef = C1B5DB9529485AB90040FB29 /* ReviewCase.swift */; };
		C1B5DB9B294870C00040FB29 /* MySesacImageView.swift in Sources */ = {isa = PBXBuildFile; fileRef = C1B5DB9A294870C00040FB29 /* MySesacImageView.swift */; };
		C1B5DB9D2948748A0040FB29 /* ShopTabViewController.swift in Sources */ = {isa = PBXBuildFile; fileRef = C1B5DB9C2948748A0040FB29 /* ShopTabViewController.swift */; };
		C1B5DB9F294875EC0040FB29 /* ShopViewController.swift in Sources */ = {isa = PBXBuildFile; fileRef = C1B5DB9E294875EC0040FB29 /* ShopViewController.swift */; };
		C1BAF7E229266543007157AC /* UserCardCollectionViewCell.swift in Sources */ = {isa = PBXBuildFile; fileRef = C1BAF7DB29266542007157AC /* UserCardCollectionViewCell.swift */; };
		C1BAF7E329266543007157AC /* StudyCollectionViewCell.swift in Sources */ = {isa = PBXBuildFile; fileRef = C1BAF7DC29266542007157AC /* StudyCollectionViewCell.swift */; };
		C1BAF7E429266543007157AC /* UserImageCollectionViewCell.swift in Sources */ = {isa = PBXBuildFile; fileRef = C1BAF7DD29266543007157AC /* UserImageCollectionViewCell.swift */; };
		C1BAF7E529266543007157AC /* MyNameTableViewCell.swift in Sources */ = {isa = PBXBuildFile; fileRef = C1BAF7DE29266543007157AC /* MyNameTableViewCell.swift */; };
		C1BAF7E629266543007157AC /* MyPageTableViewCell.swift in Sources */ = {isa = PBXBuildFile; fileRef = C1BAF7DF29266543007157AC /* MyPageTableViewCell.swift */; };
		C1BAF7E729266543007157AC /* AgeCollectionViewCell.swift in Sources */ = {isa = PBXBuildFile; fileRef = C1BAF7E029266543007157AC /* AgeCollectionViewCell.swift */; };
		C1BAF7E829266543007157AC /* GenderCollectionViewCell.swift in Sources */ = {isa = PBXBuildFile; fileRef = C1BAF7E129266543007157AC /* GenderCollectionViewCell.swift */; };
		C1BAF7EB2926658D007157AC /* SearchAllowCollectionViewCell.swift in Sources */ = {isa = PBXBuildFile; fileRef = C1BAF7EA2926658D007157AC /* SearchAllowCollectionViewCell.swift */; };
		C1BAF7ED292665E7007157AC /* WithdrawCollectionViewCell.swift in Sources */ = {isa = PBXBuildFile; fileRef = C1BAF7EC292665E7007157AC /* WithdrawCollectionViewCell.swift */; };
		C1BDB24C2920FF5B00479A3A /* GoogleService-Info.plist in Resources */ = {isa = PBXBuildFile; fileRef = C1BDB24B2920FF5B00479A3A /* GoogleService-Info.plist */; };
		C1BDB24E2921696300479A3A /* UserDefaultsWrapper.swift in Sources */ = {isa = PBXBuildFile; fileRef = C1BDB24D2921696300479A3A /* UserDefaultsWrapper.swift */; };
		C1BDB2502921699200479A3A /* UserDefaultsManager.swift in Sources */ = {isa = PBXBuildFile; fileRef = C1BDB24F2921699200479A3A /* UserDefaultsManager.swift */; };
		C1C15E90291E34BA005B9188 /* EmailView.swift in Sources */ = {isa = PBXBuildFile; fileRef = C1C15E8F291E34BA005B9188 /* EmailView.swift */; };
		C1C15E92291E34C6005B9188 /* EmailViewController.swift in Sources */ = {isa = PBXBuildFile; fileRef = C1C15E91291E34C6005B9188 /* EmailViewController.swift */; };
		C1C15E94291E34E7005B9188 /* EmailViewModel.swift in Sources */ = {isa = PBXBuildFile; fileRef = C1C15E93291E34E7005B9188 /* EmailViewModel.swift */; };
		C1C15E96291E4042005B9188 /* GenderView.swift in Sources */ = {isa = PBXBuildFile; fileRef = C1C15E95291E4042005B9188 /* GenderView.swift */; };
		C1C15E98291E404A005B9188 /* GenderViewController.swift in Sources */ = {isa = PBXBuildFile; fileRef = C1C15E97291E404A005B9188 /* GenderViewController.swift */; };
		C1C15E9A291E4054005B9188 /* GenderViewModel.swift in Sources */ = {isa = PBXBuildFile; fileRef = C1C15E99291E4054005B9188 /* GenderViewModel.swift */; };
		C1C1C1EE293619F700651EB6 /* MyQueueState.swift in Sources */ = {isa = PBXBuildFile; fileRef = C1C1C1ED293619F700651EB6 /* MyQueueState.swift */; };
		C1C1C1F02936615100651EB6 /* SesacImages.swift in Sources */ = {isa = PBXBuildFile; fileRef = C1C1C1EF2936615100651EB6 /* SesacImages.swift */; };
		C1C1C1F32936756800651EB6 /* ChattingViewController.swift in Sources */ = {isa = PBXBuildFile; fileRef = C1C1C1F22936756800651EB6 /* ChattingViewController.swift */; };
		C1C9499D291D042400A58FBF /* NicknameViewController.swift in Sources */ = {isa = PBXBuildFile; fileRef = C1C9499C291D042400A58FBF /* NicknameViewController.swift */; };
		C1C9499F291D044700A58FBF /* NicknameView.swift in Sources */ = {isa = PBXBuildFile; fileRef = C1C9499E291D044700A58FBF /* NicknameView.swift */; };
		C1C949A1291D047200A58FBF /* NicknameViewModel.swift in Sources */ = {isa = PBXBuildFile; fileRef = C1C949A0291D047200A58FBF /* NicknameViewModel.swift */; };
		C1C949A3291D14FA00A58FBF /* DateView.swift in Sources */ = {isa = PBXBuildFile; fileRef = C1C949A2291D14FA00A58FBF /* DateView.swift */; };
		C1C949A5291D154E00A58FBF /* DateViewController.swift in Sources */ = {isa = PBXBuildFile; fileRef = C1C949A4291D154E00A58FBF /* DateViewController.swift */; };
		C1C949A7291D155A00A58FBF /* DateViewModel.swift in Sources */ = {isa = PBXBuildFile; fileRef = C1C949A6291D155A00A58FBF /* DateViewModel.swift */; };
		C1D0E0A1292C0C0000370579 /* HomeView.swift in Sources */ = {isa = PBXBuildFile; fileRef = C1D0E0A0292C0C0000370579 /* HomeView.swift */; };
		C1D0E0A3292C0C1500370579 /* HomeViewController.swift in Sources */ = {isa = PBXBuildFile; fileRef = C1D0E0A2292C0C1500370579 /* HomeViewController.swift */; };
		C1D0E0A5292C0C1D00370579 /* HomeViewModel.swift in Sources */ = {isa = PBXBuildFile; fileRef = C1D0E0A4292C0C1D00370579 /* HomeViewModel.swift */; };
		C1D78985292209BD00A83600 /* NetworkError.swift in Sources */ = {isa = PBXBuildFile; fileRef = C1D78984292209BD00A83600 /* NetworkError.swift */; };
		C1D78989292222A800A83600 /* MainTabBarController.swift in Sources */ = {isa = PBXBuildFile; fileRef = C1D78988292222A800A83600 /* MainTabBarController.swift */; };
		C1D7898B2922230D00A83600 /* MyPageViewController.swift in Sources */ = {isa = PBXBuildFile; fileRef = C1D7898A2922230D00A83600 /* MyPageViewController.swift */; };
		C1D789A72922420F00A83600 /* BaseCollectionViewCell.swift in Sources */ = {isa = PBXBuildFile; fileRef = C1D789A62922420F00A83600 /* BaseCollectionViewCell.swift */; };
		C1D789AB292242BB00A83600 /* ReusableViewProtocol.swift in Sources */ = {isa = PBXBuildFile; fileRef = C1D789AA292242BB00A83600 /* ReusableViewProtocol.swift */; };
		C1D789AD292242E900A83600 /* NetworkMonitor.swift in Sources */ = {isa = PBXBuildFile; fileRef = C1D789AC292242E900A83600 /* NetworkMonitor.swift */; };
		C1D789AF29224BEB00A83600 /* SettingList.swift in Sources */ = {isa = PBXBuildFile; fileRef = C1D789AE29224BEB00A83600 /* SettingList.swift */; };
		C1D789B12922500500A83600 /* MyPageViewModel.swift in Sources */ = {isa = PBXBuildFile; fileRef = C1D789B02922500500A83600 /* MyPageViewModel.swift */; };
		C1D789B32922518700A83600 /* BaseTableViewCell.swift in Sources */ = {isa = PBXBuildFile; fileRef = C1D789B22922518700A83600 /* BaseTableViewCell.swift */; };
		C1D789BF2922A8EB00A83600 /* MyInfoViewController.swift in Sources */ = {isa = PBXBuildFile; fileRef = C1D789BE2922A8EB00A83600 /* MyInfoViewController.swift */; };
		C1D789C22922AABB00A83600 /* CircleImageView.swift in Sources */ = {isa = PBXBuildFile; fileRef = C1D789C12922AABB00A83600 /* CircleImageView.swift */; };
		C1DE137C2934DE3700FC3016 /* SesacList.swift in Sources */ = {isa = PBXBuildFile; fileRef = C1DE137B2934DE3700FC3016 /* SesacList.swift */; };
		C1DE137E293532FF00FC3016 /* RequestViewController.swift in Sources */ = {isa = PBXBuildFile; fileRef = C1DE137D293532FF00FC3016 /* RequestViewController.swift */; };
		C1F2313F293E185F002A701E /* ChatData.swift in Sources */ = {isa = PBXBuildFile; fileRef = C1F2313E293E185F002A701E /* ChatData.swift */; };
		C1F23142293E1A6C002A701E /* Realm in Frameworks */ = {isa = PBXBuildFile; productRef = C1F23141293E1A6C002A701E /* Realm */; };
		C1F23144293E1A6C002A701E /* RealmSwift in Frameworks */ = {isa = PBXBuildFile; productRef = C1F23143293E1A6C002A701E /* RealmSwift */; };
		C1F23146293E1F1E002A701E /* ChatRepository.swift in Sources */ = {isa = PBXBuildFile; fileRef = C1F23145293E1F1E002A701E /* ChatRepository.swift */; };
		C1F23149293E2431002A701E /* ChatDataModel.swift in Sources */ = {isa = PBXBuildFile; fileRef = C1F23148293E2431002A701E /* ChatDataModel.swift */; };
		C1F2314E293F29F4002A701E /* SocketIO in Frameworks */ = {isa = PBXBuildFile; productRef = C1F2314D293F29F4002A701E /* SocketIO */; };
		C1F23150293F2A95002A701E /* SocketIOManager.swift in Sources */ = {isa = PBXBuildFile; fileRef = C1F2314F293F2A95002A701E /* SocketIOManager.swift */; };
		C1F23152293F317B002A701E /* MoreMenuTap.swift in Sources */ = {isa = PBXBuildFile; fileRef = C1F23151293F317B002A701E /* MoreMenuTap.swift */; };
		C1FB784F294B14DF0070A383 /* MyData.swift in Sources */ = {isa = PBXBuildFile; fileRef = C1FB784E294B14DF0070A383 /* MyData.swift */; };
/* End PBXBuildFile section */

/* Begin PBXFileReference section */
		C1089EAE2937361500A782A5 /* UINavigationController + Extensions.swift */ = {isa = PBXFileReference; lastKnownFileType = sourcecode.swift; path = "UINavigationController + Extensions.swift"; sourceTree = "<group>"; };
		C10CBA1E292CA5260010E812 /* UIButton + Extensions.swift */ = {isa = PBXFileReference; lastKnownFileType = sourcecode.swift; path = "UIButton + Extensions.swift"; sourceTree = "<group>"; };
		C10CBA20292CDFFA0010E812 /* AnnotationType.swift */ = {isa = PBXFileReference; lastKnownFileType = sourcecode.swift; path = AnnotationType.swift; sourceTree = "<group>"; };
		C10CBA24292D5ECD0010E812 /* GenderFilterTap.swift */ = {isa = PBXFileReference; lastKnownFileType = sourcecode.swift; path = GenderFilterTap.swift; sourceTree = "<group>"; };
		C110D27129275C0600CD536D /* ThumbButton.swift */ = {isa = PBXFileReference; lastKnownFileType = sourcecode.swift; path = ThumbButton.swift; sourceTree = "<group>"; };
		C110D27529275C8F00CD536D /* CustomSlider.swift */ = {isa = PBXFileReference; lastKnownFileType = sourcecode.swift; path = CustomSlider.swift; sourceTree = "<group>"; };
		C110D2772927681C00CD536D /* Comparable + Extensions.swift */ = {isa = PBXFileReference; lastKnownFileType = sourcecode.swift; path = "Comparable + Extensions.swift"; sourceTree = "<group>"; };
		C110D2792927931700CD536D /* UIImage + Extensions.swift */ = {isa = PBXFileReference; lastKnownFileType = sourcecode.swift; path = "UIImage + Extensions.swift"; sourceTree = "<group>"; };
		C11AE562293C8E9300D326AC /* MoreMenuButton.swift */ = {isa = PBXFileReference; lastKnownFileType = sourcecode.swift; path = MoreMenuButton.swift; sourceTree = "<group>"; };
		C11AE566293CA02600D326AC /* ReviewViewController.swift */ = {isa = PBXFileReference; lastKnownFileType = sourcecode.swift; path = ReviewViewController.swift; sourceTree = "<group>"; };
		C11AE568293CA1A200D326AC /* ReviewView.swift */ = {isa = PBXFileReference; lastKnownFileType = sourcecode.swift; path = ReviewView.swift; sourceTree = "<group>"; };
		C11AE56A293CA6B900D326AC /* ReviewButton.swift */ = {isa = PBXFileReference; lastKnownFileType = sourcecode.swift; path = ReviewButton.swift; sourceTree = "<group>"; };
		C11DC4742938B7AD00569282 /* ChatView.swift */ = {isa = PBXFileReference; lastKnownFileType = sourcecode.swift; path = ChatView.swift; sourceTree = "<group>"; };
		C11DC4772938B9B900569282 /* DateTableViewCell.swift */ = {isa = PBXFileReference; lastKnownFileType = sourcecode.swift; path = DateTableViewCell.swift; sourceTree = "<group>"; };
		C11DC4792938B9C600569282 /* MyChatTableViewCell.swift */ = {isa = PBXFileReference; lastKnownFileType = sourcecode.swift; path = MyChatTableViewCell.swift; sourceTree = "<group>"; };
		C11DC47B2938C87E00569282 /* YourChatTableViewCell.swift */ = {isa = PBXFileReference; lastKnownFileType = sourcecode.swift; path = YourChatTableViewCell.swift; sourceTree = "<group>"; };
		C11DC47D2939280B00569282 /* ChatRouter.swift */ = {isa = PBXFileReference; lastKnownFileType = sourcecode.swift; path = ChatRouter.swift; sourceTree = "<group>"; };
		C124BE7A2947985A0051E44F /* CancelViewController.swift */ = {isa = PBXFileReference; lastKnownFileType = sourcecode.swift; path = CancelViewController.swift; sourceTree = "<group>"; };
		C12CD14B292363E10083C869 /* InfoSection.swift */ = {isa = PBXFileReference; lastKnownFileType = sourcecode.swift; path = InfoSection.swift; sourceTree = "<group>"; };
		C12CD1532923BF9A0083C869 /* MyInfoViewModel.swift */ = {isa = PBXFileReference; lastKnownFileType = sourcecode.swift; path = MyInfoViewModel.swift; sourceTree = "<group>"; };
		C133DC2F2930AFC900CC0E7F /* SesacSearchTabViewController.swift */ = {isa = PBXFileReference; lastKnownFileType = sourcecode.swift; path = SesacSearchTabViewController.swift; sourceTree = "<group>"; };
		C133DC332931E8A400CC0E7F /* InfoData.swift */ = {isa = PBXFileReference; lastKnownFileType = sourcecode.swift; path = InfoData.swift; sourceTree = "<group>"; };
		C1440693291C20E600B6C9EC /* PhoneInputView.swift */ = {isa = PBXFileReference; lastKnownFileType = sourcecode.swift; path = PhoneInputView.swift; sourceTree = "<group>"; };
		C1440695291C20F700B6C9EC /* PhoneInputViewController.swift */ = {isa = PBXFileReference; lastKnownFileType = sourcecode.swift; path = PhoneInputViewController.swift; sourceTree = "<group>"; };
		C1440697291C210900B6C9EC /* PhoneInputViewModel.swift */ = {isa = PBXFileReference; lastKnownFileType = sourcecode.swift; path = PhoneInputViewModel.swift; sourceTree = "<group>"; };
		C14D21622920F5C200FF2AF3 /* APIService.swift */ = {isa = PBXFileReference; lastKnownFileType = sourcecode.swift; path = APIService.swift; sourceTree = "<group>"; };
		C14D21642920F5C800FF2AF3 /* Router.swift */ = {isa = PBXFileReference; lastKnownFileType = sourcecode.swift; path = Router.swift; sourceTree = "<group>"; };
		C14D21692920FB7D00FF2AF3 /* DTO.swift */ = {isa = PBXFileReference; lastKnownFileType = sourcecode.swift; path = DTO.swift; sourceTree = "<group>"; };
		C150F4CA291B5348004BF518 /* NotoSansCJKkr-Regular.otf */ = {isa = PBXFileReference; lastKnownFileType = file; path = "NotoSansCJKkr-Regular.otf"; sourceTree = "<group>"; };
		C161BE1A292E06D80066786F /* AnnotationList.swift */ = {isa = PBXFileReference; lastKnownFileType = sourcecode.swift; path = AnnotationList.swift; sourceTree = "<group>"; };
		C161BE1D292E275B0066786F /* StudyInputViewController.swift */ = {isa = PBXFileReference; lastKnownFileType = sourcecode.swift; path = StudyInputViewController.swift; sourceTree = "<group>"; };
		C161BE21292E28530066786F /* StudyInputViewModel.swift */ = {isa = PBXFileReference; lastKnownFileType = sourcecode.swift; path = StudyInputViewModel.swift; sourceTree = "<group>"; };
		C164ADD42947A4360000968C /* CancelCase.swift */ = {isa = PBXFileReference; lastKnownFileType = sourcecode.swift; path = CancelCase.swift; sourceTree = "<group>"; };
		C17C5B162932355600594491 /* SesacSearchCollectionReusableView.swift */ = {isa = PBXFileReference; lastKnownFileType = sourcecode.swift; path = SesacSearchCollectionReusableView.swift; sourceTree = "<group>"; };
		C17D12F7291EA9F5007D8049 /* TextFieldControl.swift */ = {isa = PBXFileReference; lastKnownFileType = sourcecode.swift; path = TextFieldControl.swift; sourceTree = "<group>"; };
		C17D12F9291EAF58007D8049 /* GenderTap.swift */ = {isa = PBXFileReference; lastKnownFileType = sourcecode.swift; path = GenderTap.swift; sourceTree = "<group>"; };
		C17D12FE291ED39A007D8049 /* LaunchViewController.swift */ = {isa = PBXFileReference; lastKnownFileType = sourcecode.swift; path = LaunchViewController.swift; sourceTree = "<group>"; };
		C17D1300291ED671007D8049 /* SplashView.swift */ = {isa = PBXFileReference; lastKnownFileType = sourcecode.swift; path = SplashView.swift; sourceTree = "<group>"; };
		C1817C452918E0C500382A09 /* SeSACStudy.app */ = {isa = PBXFileReference; explicitFileType = wrapper.application; includeInIndex = 0; path = SeSACStudy.app; sourceTree = BUILT_PRODUCTS_DIR; };
		C1817C482918E0C500382A09 /* AppDelegate.swift */ = {isa = PBXFileReference; lastKnownFileType = sourcecode.swift; path = AppDelegate.swift; sourceTree = "<group>"; };
		C1817C4A2918E0C500382A09 /* SceneDelegate.swift */ = {isa = PBXFileReference; lastKnownFileType = sourcecode.swift; path = SceneDelegate.swift; sourceTree = "<group>"; };
		C1817C512918E0C600382A09 /* Assets.xcassets */ = {isa = PBXFileReference; lastKnownFileType = folder.assetcatalog; path = Assets.xcassets; sourceTree = "<group>"; };
		C1817C542918E0C600382A09 /* Base */ = {isa = PBXFileReference; lastKnownFileType = file.storyboard; name = Base; path = Base.lproj/LaunchScreen.storyboard; sourceTree = "<group>"; };
		C1817C562918E0C600382A09 /* Info.plist */ = {isa = PBXFileReference; lastKnownFileType = text.plist.xml; path = Info.plist; sourceTree = "<group>"; };
		C1817C6B2918FD0300382A09 /* BlackNWhite.swift */ = {isa = PBXFileReference; lastKnownFileType = sourcecode.swift; path = BlackNWhite.swift; sourceTree = "<group>"; };
		C1817C6D2918FD1100382A09 /* BrandColor.swift */ = {isa = PBXFileReference; lastKnownFileType = sourcecode.swift; path = BrandColor.swift; sourceTree = "<group>"; };
		C1817C6F2918FD1A00382A09 /* GrayScale.swift */ = {isa = PBXFileReference; lastKnownFileType = sourcecode.swift; path = GrayScale.swift; sourceTree = "<group>"; };
		C1817C712918FD2600382A09 /* SystemColor.swift */ = {isa = PBXFileReference; lastKnownFileType = sourcecode.swift; path = SystemColor.swift; sourceTree = "<group>"; };
		C184086C292E97C50076FB8C /* StudyInputCollectionReusableView.swift */ = {isa = PBXFileReference; lastKnownFileType = sourcecode.swift; path = StudyInputCollectionReusableView.swift; sourceTree = "<group>"; };
		C184086E292E99D50076FB8C /* StudyInputCollectionViewCell.swift */ = {isa = PBXFileReference; lastKnownFileType = sourcecode.swift; path = StudyInputCollectionViewCell.swift; sourceTree = "<group>"; };
		C1840870292F5FB30076FB8C /* TagList.swift */ = {isa = PBXFileReference; lastKnownFileType = sourcecode.swift; path = TagList.swift; sourceTree = "<group>"; };
		C1840875292FEA8E0076FB8C /* SesacSearchViewController.swift */ = {isa = PBXFileReference; lastKnownFileType = sourcecode.swift; path = SesacSearchViewController.swift; sourceTree = "<group>"; };
		C1840877292FEAA20076FB8C /* SesacSearchViewModel.swift */ = {isa = PBXFileReference; lastKnownFileType = sourcecode.swift; path = SesacSearchViewModel.swift; sourceTree = "<group>"; };
		C184087D292FEE320076FB8C /* EmptyView.swift */ = {isa = PBXFileReference; lastKnownFileType = sourcecode.swift; path = EmptyView.swift; sourceTree = "<group>"; };
		C19373B6291A7697008C8FED /* OnBoardingViewController.swift */ = {isa = PBXFileReference; lastKnownFileType = sourcecode.swift; path = OnBoardingViewController.swift; sourceTree = "<group>"; };
		C19373BB291A8230008C8FED /* Icons.swift */ = {isa = PBXFileReference; lastKnownFileType = sourcecode.swift; path = Icons.swift; sourceTree = "<group>"; };
		C19373BD291A89CE008C8FED /* .gitignore */ = {isa = PBXFileReference; lastKnownFileType = text; path = .gitignore; sourceTree = "<group>"; };
		C19373C2291A9E32008C8FED /* NotoSansCJKkr-Medium.otf */ = {isa = PBXFileReference; lastKnownFileType = file; path = "NotoSansCJKkr-Medium.otf"; sourceTree = "<group>"; };
		C19373C6291A9EE2008C8FED /* Fonts.swift */ = {isa = PBXFileReference; lastKnownFileType = sourcecode.swift; path = Fonts.swift; sourceTree = "<group>"; };
		C19373C8291AA7E5008C8FED /* PageContentsViewController.swift */ = {isa = PBXFileReference; lastKnownFileType = sourcecode.swift; path = PageContentsViewController.swift; sourceTree = "<group>"; };
		C19373CA291AA873008C8FED /* PageViewController.swift */ = {isa = PBXFileReference; lastKnownFileType = sourcecode.swift; path = PageViewController.swift; sourceTree = "<group>"; };
		C19373CC291ABFE3008C8FED /* PageContents.swift */ = {isa = PBXFileReference; lastKnownFileType = sourcecode.swift; path = PageContents.swift; sourceTree = "<group>"; };
		C19CA02D291B81C700CC6761 /* SeSACStudy.entitlements */ = {isa = PBXFileReference; lastKnownFileType = text.plist.entitlements; path = SeSACStudy.entitlements; sourceTree = "<group>"; };
		C19CA02E291B83E700CC6761 /* PhoneAuthViewController.swift */ = {isa = PBXFileReference; lastKnownFileType = sourcecode.swift; path = PhoneAuthViewController.swift; sourceTree = "<group>"; };
		C19CA030291B862000CC6761 /* PhoneAuthView.swift */ = {isa = PBXFileReference; lastKnownFileType = sourcecode.swift; path = PhoneAuthView.swift; sourceTree = "<group>"; };
		C19CA032291B862F00CC6761 /* PhoneAuthViewModel.swift */ = {isa = PBXFileReference; lastKnownFileType = sourcecode.swift; path = PhoneAuthViewModel.swift; sourceTree = "<group>"; };
		C19CA034291B870200CC6761 /* BaseView.swift */ = {isa = PBXFileReference; lastKnownFileType = sourcecode.swift; path = BaseView.swift; sourceTree = "<group>"; };
		C19CA036291B874000CC6761 /* BaseViewController.swift */ = {isa = PBXFileReference; lastKnownFileType = sourcecode.swift; path = BaseViewController.swift; sourceTree = "<group>"; };
		C19CA042291B96F000CC6761 /* CommonViewModel.swift */ = {isa = PBXFileReference; lastKnownFileType = sourcecode.swift; path = CommonViewModel.swift; sourceTree = "<group>"; };
		C19CA044291BA20400CC6761 /* String + Extensions.swift */ = {isa = PBXFileReference; lastKnownFileType = sourcecode.swift; path = "String + Extensions.swift"; sourceTree = "<group>"; };
		C1A6E4C92939EC2C00F46DCC /* TextCase.swift */ = {isa = PBXFileReference; lastKnownFileType = sourcecode.swift; path = TextCase.swift; sourceTree = "<group>"; };
		C1A6E4CB293A2A8900F46DCC /* BasePaddingLabel.swift */ = {isa = PBXFileReference; lastKnownFileType = sourcecode.swift; path = BasePaddingLabel.swift; sourceTree = "<group>"; };
		C1A6E4CD293C5CF800F46DCC /* ChatViewModel.swift */ = {isa = PBXFileReference; lastKnownFileType = sourcecode.swift; path = ChatViewModel.swift; sourceTree = "<group>"; };
		C1ACFDA1291F8A97002941DF /* AuthTap.swift */ = {isa = PBXFileReference; lastKnownFileType = sourcecode.swift; path = AuthTap.swift; sourceTree = "<group>"; };
		C1ADB798292B8C8800867752 /* WithdrawViewController.swift */ = {isa = PBXFileReference; lastKnownFileType = sourcecode.swift; path = WithdrawViewController.swift; sourceTree = "<group>"; };
		C1B5DB932948517A0040FB29 /* QueueRouter.swift */ = {isa = PBXFileReference; lastKnownFileType = sourcecode.swift; path = QueueRouter.swift; sourceTree = "<group>"; };
		C1B5DB9529485AB90040FB29 /* ReviewCase.swift */ = {isa = PBXFileReference; lastKnownFileType = sourcecode.swift; path = ReviewCase.swift; sourceTree = "<group>"; };
		C1B5DB9A294870C00040FB29 /* MySesacImageView.swift */ = {isa = PBXFileReference; lastKnownFileType = sourcecode.swift; path = MySesacImageView.swift; sourceTree = "<group>"; };
		C1B5DB9C2948748A0040FB29 /* ShopTabViewController.swift */ = {isa = PBXFileReference; lastKnownFileType = sourcecode.swift; path = ShopTabViewController.swift; sourceTree = "<group>"; };
		C1B5DB9E294875EC0040FB29 /* ShopViewController.swift */ = {isa = PBXFileReference; lastKnownFileType = sourcecode.swift; path = ShopViewController.swift; sourceTree = "<group>"; };
		C1BAF7DB29266542007157AC /* UserCardCollectionViewCell.swift */ = {isa = PBXFileReference; fileEncoding = 4; lastKnownFileType = sourcecode.swift; path = UserCardCollectionViewCell.swift; sourceTree = "<group>"; };
		C1BAF7DC29266542007157AC /* StudyCollectionViewCell.swift */ = {isa = PBXFileReference; fileEncoding = 4; lastKnownFileType = sourcecode.swift; path = StudyCollectionViewCell.swift; sourceTree = "<group>"; };
		C1BAF7DD29266543007157AC /* UserImageCollectionViewCell.swift */ = {isa = PBXFileReference; fileEncoding = 4; lastKnownFileType = sourcecode.swift; path = UserImageCollectionViewCell.swift; sourceTree = "<group>"; };
		C1BAF7DE29266543007157AC /* MyNameTableViewCell.swift */ = {isa = PBXFileReference; fileEncoding = 4; lastKnownFileType = sourcecode.swift; path = MyNameTableViewCell.swift; sourceTree = "<group>"; };
		C1BAF7DF29266543007157AC /* MyPageTableViewCell.swift */ = {isa = PBXFileReference; fileEncoding = 4; lastKnownFileType = sourcecode.swift; path = MyPageTableViewCell.swift; sourceTree = "<group>"; };
		C1BAF7E029266543007157AC /* AgeCollectionViewCell.swift */ = {isa = PBXFileReference; fileEncoding = 4; lastKnownFileType = sourcecode.swift; path = AgeCollectionViewCell.swift; sourceTree = "<group>"; };
		C1BAF7E129266543007157AC /* GenderCollectionViewCell.swift */ = {isa = PBXFileReference; fileEncoding = 4; lastKnownFileType = sourcecode.swift; path = GenderCollectionViewCell.swift; sourceTree = "<group>"; };
		C1BAF7EA2926658D007157AC /* SearchAllowCollectionViewCell.swift */ = {isa = PBXFileReference; lastKnownFileType = sourcecode.swift; path = SearchAllowCollectionViewCell.swift; sourceTree = "<group>"; };
		C1BAF7EC292665E7007157AC /* WithdrawCollectionViewCell.swift */ = {isa = PBXFileReference; lastKnownFileType = sourcecode.swift; path = WithdrawCollectionViewCell.swift; sourceTree = "<group>"; };
		C1BDB24B2920FF5B00479A3A /* GoogleService-Info.plist */ = {isa = PBXFileReference; fileEncoding = 4; lastKnownFileType = text.plist.xml; path = "GoogleService-Info.plist"; sourceTree = "<group>"; };
		C1BDB24D2921696300479A3A /* UserDefaultsWrapper.swift */ = {isa = PBXFileReference; lastKnownFileType = sourcecode.swift; path = UserDefaultsWrapper.swift; sourceTree = "<group>"; };
		C1BDB24F2921699200479A3A /* UserDefaultsManager.swift */ = {isa = PBXFileReference; lastKnownFileType = sourcecode.swift; path = UserDefaultsManager.swift; sourceTree = "<group>"; };
		C1C15E8F291E34BA005B9188 /* EmailView.swift */ = {isa = PBXFileReference; lastKnownFileType = sourcecode.swift; path = EmailView.swift; sourceTree = "<group>"; };
		C1C15E91291E34C6005B9188 /* EmailViewController.swift */ = {isa = PBXFileReference; lastKnownFileType = sourcecode.swift; path = EmailViewController.swift; sourceTree = "<group>"; };
		C1C15E93291E34E7005B9188 /* EmailViewModel.swift */ = {isa = PBXFileReference; lastKnownFileType = sourcecode.swift; path = EmailViewModel.swift; sourceTree = "<group>"; };
		C1C15E95291E4042005B9188 /* GenderView.swift */ = {isa = PBXFileReference; lastKnownFileType = sourcecode.swift; path = GenderView.swift; sourceTree = "<group>"; };
		C1C15E97291E404A005B9188 /* GenderViewController.swift */ = {isa = PBXFileReference; lastKnownFileType = sourcecode.swift; path = GenderViewController.swift; sourceTree = "<group>"; };
		C1C15E99291E4054005B9188 /* GenderViewModel.swift */ = {isa = PBXFileReference; lastKnownFileType = sourcecode.swift; path = GenderViewModel.swift; sourceTree = "<group>"; };
		C1C1C1ED293619F700651EB6 /* MyQueueState.swift */ = {isa = PBXFileReference; lastKnownFileType = sourcecode.swift; path = MyQueueState.swift; sourceTree = "<group>"; };
		C1C1C1EF2936615100651EB6 /* SesacImages.swift */ = {isa = PBXFileReference; lastKnownFileType = sourcecode.swift; path = SesacImages.swift; sourceTree = "<group>"; };
		C1C1C1F22936756800651EB6 /* ChattingViewController.swift */ = {isa = PBXFileReference; lastKnownFileType = sourcecode.swift; path = ChattingViewController.swift; sourceTree = "<group>"; };
		C1C9499C291D042400A58FBF /* NicknameViewController.swift */ = {isa = PBXFileReference; lastKnownFileType = sourcecode.swift; path = NicknameViewController.swift; sourceTree = "<group>"; };
		C1C9499E291D044700A58FBF /* NicknameView.swift */ = {isa = PBXFileReference; lastKnownFileType = sourcecode.swift; path = NicknameView.swift; sourceTree = "<group>"; };
		C1C949A0291D047200A58FBF /* NicknameViewModel.swift */ = {isa = PBXFileReference; lastKnownFileType = sourcecode.swift; path = NicknameViewModel.swift; sourceTree = "<group>"; };
		C1C949A2291D14FA00A58FBF /* DateView.swift */ = {isa = PBXFileReference; lastKnownFileType = sourcecode.swift; path = DateView.swift; sourceTree = "<group>"; };
		C1C949A4291D154E00A58FBF /* DateViewController.swift */ = {isa = PBXFileReference; lastKnownFileType = sourcecode.swift; path = DateViewController.swift; sourceTree = "<group>"; };
		C1C949A6291D155A00A58FBF /* DateViewModel.swift */ = {isa = PBXFileReference; lastKnownFileType = sourcecode.swift; path = DateViewModel.swift; sourceTree = "<group>"; };
		C1D0E0A0292C0C0000370579 /* HomeView.swift */ = {isa = PBXFileReference; lastKnownFileType = sourcecode.swift; path = HomeView.swift; sourceTree = "<group>"; };
		C1D0E0A2292C0C1500370579 /* HomeViewController.swift */ = {isa = PBXFileReference; lastKnownFileType = sourcecode.swift; path = HomeViewController.swift; sourceTree = "<group>"; };
		C1D0E0A4292C0C1D00370579 /* HomeViewModel.swift */ = {isa = PBXFileReference; lastKnownFileType = sourcecode.swift; path = HomeViewModel.swift; sourceTree = "<group>"; };
		C1D78984292209BD00A83600 /* NetworkError.swift */ = {isa = PBXFileReference; lastKnownFileType = sourcecode.swift; path = NetworkError.swift; sourceTree = "<group>"; };
		C1D78988292222A800A83600 /* MainTabBarController.swift */ = {isa = PBXFileReference; lastKnownFileType = sourcecode.swift; path = MainTabBarController.swift; sourceTree = "<group>"; };
		C1D7898A2922230D00A83600 /* MyPageViewController.swift */ = {isa = PBXFileReference; lastKnownFileType = sourcecode.swift; path = MyPageViewController.swift; sourceTree = "<group>"; };
		C1D789A62922420F00A83600 /* BaseCollectionViewCell.swift */ = {isa = PBXFileReference; lastKnownFileType = sourcecode.swift; path = BaseCollectionViewCell.swift; sourceTree = "<group>"; };
		C1D789AA292242BB00A83600 /* ReusableViewProtocol.swift */ = {isa = PBXFileReference; lastKnownFileType = sourcecode.swift; path = ReusableViewProtocol.swift; sourceTree = "<group>"; };
		C1D789AC292242E900A83600 /* NetworkMonitor.swift */ = {isa = PBXFileReference; lastKnownFileType = sourcecode.swift; path = NetworkMonitor.swift; sourceTree = "<group>"; };
		C1D789AE29224BEB00A83600 /* SettingList.swift */ = {isa = PBXFileReference; lastKnownFileType = sourcecode.swift; path = SettingList.swift; sourceTree = "<group>"; };
		C1D789B02922500500A83600 /* MyPageViewModel.swift */ = {isa = PBXFileReference; lastKnownFileType = sourcecode.swift; path = MyPageViewModel.swift; sourceTree = "<group>"; };
		C1D789B22922518700A83600 /* BaseTableViewCell.swift */ = {isa = PBXFileReference; lastKnownFileType = sourcecode.swift; path = BaseTableViewCell.swift; sourceTree = "<group>"; };
		C1D789BE2922A8EB00A83600 /* MyInfoViewController.swift */ = {isa = PBXFileReference; lastKnownFileType = sourcecode.swift; path = MyInfoViewController.swift; sourceTree = "<group>"; };
		C1D789C12922AABB00A83600 /* CircleImageView.swift */ = {isa = PBXFileReference; lastKnownFileType = sourcecode.swift; path = CircleImageView.swift; sourceTree = "<group>"; };
		C1DE137B2934DE3700FC3016 /* SesacList.swift */ = {isa = PBXFileReference; lastKnownFileType = sourcecode.swift; path = SesacList.swift; sourceTree = "<group>"; };
		C1DE137D293532FF00FC3016 /* RequestViewController.swift */ = {isa = PBXFileReference; lastKnownFileType = sourcecode.swift; path = RequestViewController.swift; sourceTree = "<group>"; };
		C1F2313E293E185F002A701E /* ChatData.swift */ = {isa = PBXFileReference; lastKnownFileType = sourcecode.swift; path = ChatData.swift; sourceTree = "<group>"; };
		C1F23145293E1F1E002A701E /* ChatRepository.swift */ = {isa = PBXFileReference; lastKnownFileType = sourcecode.swift; path = ChatRepository.swift; sourceTree = "<group>"; };
		C1F23148293E2431002A701E /* ChatDataModel.swift */ = {isa = PBXFileReference; lastKnownFileType = sourcecode.swift; path = ChatDataModel.swift; sourceTree = "<group>"; };
		C1F2314F293F2A95002A701E /* SocketIOManager.swift */ = {isa = PBXFileReference; lastKnownFileType = sourcecode.swift; path = SocketIOManager.swift; sourceTree = "<group>"; };
		C1F23151293F317B002A701E /* MoreMenuTap.swift */ = {isa = PBXFileReference; lastKnownFileType = sourcecode.swift; path = MoreMenuTap.swift; sourceTree = "<group>"; };
		C1FB784E294B14DF0070A383 /* MyData.swift */ = {isa = PBXFileReference; lastKnownFileType = sourcecode.swift; path = MyData.swift; sourceTree = "<group>"; };
/* End PBXFileReference section */

/* Begin PBXFrameworksBuildPhase section */
		C1817C422918E0C500382A09 /* Frameworks */ = {
			isa = PBXFrameworksBuildPhase;
			buildActionMask = 2147483647;
			files = (
				C14D21612920F33400FF2AF3 /* FirebaseMessaging in Frameworks */,
				C1B5DB92294842AC0040FB29 /* RxKeyboard in Frameworks */,
				C133DC2E2930ACD300CC0E7F /* Tabman in Frameworks */,
				C124BE7529474E630051E44F /* RxCocoa in Frameworks */,
				C14D21682920F5F600FF2AF3 /* Alamofire in Frameworks */,
				C1F23142293E1A6C002A701E /* Realm in Frameworks */,
				C1F2314E293F29F4002A701E /* SocketIO in Frameworks */,
				C124BE7729474E630051E44F /* RxSwift in Frameworks */,
				C19CA03C291B950E00CC6761 /* Toast in Frameworks */,
				C14D215F2920F33400FF2AF3 /* FirebaseAuth in Frameworks */,
				C1F23144293E1A6C002A701E /* RealmSwift in Frameworks */,
				C19373BA291A7FC7008C8FED /* SnapKit in Frameworks */,
			);
			runOnlyForDeploymentPostprocessing = 0;
		};
/* End PBXFrameworksBuildPhase section */

/* Begin PBXGroup section */
		C11DC4722938B6F600569282 /* ViewModel */ = {
			isa = PBXGroup;
			children = (
				C1A6E4CD293C5CF800F46DCC /* ChatViewModel.swift */,
			);
			path = ViewModel;
			sourceTree = "<group>";
		};
		C11DC4732938B70300569282 /* View */ = {
			isa = PBXGroup;
			children = (
				C11DC4762938B7BE00569282 /* Cell */,
				C11DC4742938B7AD00569282 /* ChatView.swift */,
				C11AE568293CA1A200D326AC /* ReviewView.swift */,
				C1C1C1F22936756800651EB6 /* ChattingViewController.swift */,
				C11AE566293CA02600D326AC /* ReviewViewController.swift */,
				C124BE7A2947985A0051E44F /* CancelViewController.swift */,
			);
			path = View;
			sourceTree = "<group>";
		};
		C11DC4762938B7BE00569282 /* Cell */ = {
			isa = PBXGroup;
			children = (
				C11DC4772938B9B900569282 /* DateTableViewCell.swift */,
				C11DC4792938B9C600569282 /* MyChatTableViewCell.swift */,
				C11DC47B2938C87E00569282 /* YourChatTableViewCell.swift */,
			);
			path = Cell;
			sourceTree = "<group>";
		};
		C161BE1C292E271E0066786F /* StudyInput */ = {
			isa = PBXGroup;
			children = (
				C161BE1D292E275B0066786F /* StudyInputViewController.swift */,
				C161BE21292E28530066786F /* StudyInputViewModel.swift */,
				C161BE23292E28A00066786F /* Cell */,
			);
			path = StudyInput;
			sourceTree = "<group>";
		};
		C161BE23292E28A00066786F /* Cell */ = {
			isa = PBXGroup;
			children = (
				C184086C292E97C50076FB8C /* StudyInputCollectionReusableView.swift */,
				C184086E292E99D50076FB8C /* StudyInputCollectionViewCell.swift */,
			);
			path = Cell;
			sourceTree = "<group>";
		};
		C1621FBD292715BD00DD720E /* Cell */ = {
			isa = PBXGroup;
			children = (
				C1BAF7DD29266543007157AC /* UserImageCollectionViewCell.swift */,
				C1BAF7DB29266542007157AC /* UserCardCollectionViewCell.swift */,
				C1BAF7E129266543007157AC /* GenderCollectionViewCell.swift */,
				C1BAF7DC29266542007157AC /* StudyCollectionViewCell.swift */,
				C1BAF7EA2926658D007157AC /* SearchAllowCollectionViewCell.swift */,
				C1BAF7E029266543007157AC /* AgeCollectionViewCell.swift */,
				C1BAF7EC292665E7007157AC /* WithdrawCollectionViewCell.swift */,
			);
			path = Cell;
			sourceTree = "<group>";
		};
		C1817C3C2918E0C500382A09 = {
			isa = PBXGroup;
			children = (
				C19373BD291A89CE008C8FED /* .gitignore */,
				C1817C472918E0C500382A09 /* SeSACStudy */,
				C1817C462918E0C500382A09 /* Products */,
			);
			sourceTree = "<group>";
		};
		C1817C462918E0C500382A09 /* Products */ = {
			isa = PBXGroup;
			children = (
				C1817C452918E0C500382A09 /* SeSACStudy.app */,
			);
			name = Products;
			sourceTree = "<group>";
		};
		C1817C472918E0C500382A09 /* SeSACStudy */ = {
			isa = PBXGroup;
			children = (
				C19CA02D291B81C700CC6761 /* SeSACStudy.entitlements */,
				C1BDB24B2920FF5B00479A3A /* GoogleService-Info.plist */,
				C1817C482918E0C500382A09 /* AppDelegate.swift */,
				C1817C4A2918E0C500382A09 /* SceneDelegate.swift */,
				C1817C562918E0C600382A09 /* Info.plist */,
				C1817C5D2918EAC700382A09 /* Resources */,
				C1817C5C2918E91D00382A09 /* Sources */,
				C1F2313C293E167D002A701E /* Utility */,
				C1D789832922054D00A83600 /* Scenes */,
			);
			path = SeSACStudy;
			sourceTree = "<group>";
		};
		C1817C5C2918E91D00382A09 /* Sources */ = {
			isa = PBXGroup;
			children = (
				C1FB784D294B14C00070A383 /* Class */,
				C1D789C02922AAA800A83600 /* Custom */,
				C1D789952922263200A83600 /* Struct */,
				C1D789942922262B00A83600 /* Enum */,
				C1817C672918EBF900382A09 /* Network */,
				C1817C662918EBEB00382A09 /* Protocols */,
			);
			path = Sources;
			sourceTree = "<group>";
		};
		C1817C5D2918EAC700382A09 /* Resources */ = {
			isa = PBXGroup;
			children = (
				C1817C512918E0C600382A09 /* Assets.xcassets */,
				C1817C5E2918EAE600382A09 /* Constants */,
				C1817C5F2918EB3B00382A09 /* Extensions */,
				C1817C602918EB4900382A09 /* Fonts */,
				C1817C612918EB5100382A09 /* Colors */,
				C1817C622918EB5C00382A09 /* Storyboards */,
			);
			path = Resources;
			sourceTree = "<group>";
		};
		C1817C5E2918EAE600382A09 /* Constants */ = {
			isa = PBXGroup;
			children = (
				C19373BB291A8230008C8FED /* Icons.swift */,
				C19373C6291A9EE2008C8FED /* Fonts.swift */,
				C1D789A5292228CD00A83600 /* Base */,
			);
			path = Constants;
			sourceTree = "<group>";
		};
		C1817C5F2918EB3B00382A09 /* Extensions */ = {
			isa = PBXGroup;
			children = (
				C19CA044291BA20400CC6761 /* String + Extensions.swift */,
				C110D2772927681C00CD536D /* Comparable + Extensions.swift */,
				C110D2792927931700CD536D /* UIImage + Extensions.swift */,
				C10CBA1E292CA5260010E812 /* UIButton + Extensions.swift */,
				C1089EAE2937361500A782A5 /* UINavigationController + Extensions.swift */,
			);
			path = Extensions;
			sourceTree = "<group>";
		};
		C1817C602918EB4900382A09 /* Fonts */ = {
			isa = PBXGroup;
			children = (
				C19373C2291A9E32008C8FED /* NotoSansCJKkr-Medium.otf */,
				C150F4CA291B5348004BF518 /* NotoSansCJKkr-Regular.otf */,
			);
			path = Fonts;
			sourceTree = "<group>";
		};
		C1817C612918EB5100382A09 /* Colors */ = {
			isa = PBXGroup;
			children = (
				C1817C6B2918FD0300382A09 /* BlackNWhite.swift */,
				C1817C6D2918FD1100382A09 /* BrandColor.swift */,
				C1817C6F2918FD1A00382A09 /* GrayScale.swift */,
				C1817C712918FD2600382A09 /* SystemColor.swift */,
			);
			path = Colors;
			sourceTree = "<group>";
		};
		C1817C622918EB5C00382A09 /* Storyboards */ = {
			isa = PBXGroup;
			children = (
				C1817C532918E0C600382A09 /* LaunchScreen.storyboard */,
			);
			path = Storyboards;
			sourceTree = "<group>";
		};
		C1817C662918EBEB00382A09 /* Protocols */ = {
			isa = PBXGroup;
			children = (
				C19CA042291B96F000CC6761 /* CommonViewModel.swift */,
				C1D789AA292242BB00A83600 /* ReusableViewProtocol.swift */,
			);
			path = Protocols;
			sourceTree = "<group>";
		};
		C1817C672918EBF900382A09 /* Network */ = {
			isa = PBXGroup;
			children = (
				C14D21622920F5C200FF2AF3 /* APIService.swift */,
				C14D21642920F5C800FF2AF3 /* Router.swift */,
				C11DC47D2939280B00569282 /* ChatRouter.swift */,
				C1B5DB932948517A0040FB29 /* QueueRouter.swift */,
				C14D21692920FB7D00FF2AF3 /* DTO.swift */,
				C1D78984292209BD00A83600 /* NetworkError.swift */,
				C1D789AC292242E900A83600 /* NetworkMonitor.swift */,
				C1F2314F293F2A95002A701E /* SocketIOManager.swift */,
			);
			path = Network;
			sourceTree = "<group>";
		};
		C1840874292FEA110076FB8C /* SesacSearch */ = {
			isa = PBXGroup;
			children = (
				C1840875292FEA8E0076FB8C /* SesacSearchViewController.swift */,
				C1840877292FEAA20076FB8C /* SesacSearchViewModel.swift */,
				C133DC2F2930AFC900CC0E7F /* SesacSearchTabViewController.swift */,
				C17C5B162932355600594491 /* SesacSearchCollectionReusableView.swift */,
				C1DE137D293532FF00FC3016 /* RequestViewController.swift */,
			);
			path = SesacSearch;
			sourceTree = "<group>";
		};
		C1B5DB97294870900040FB29 /* View */ = {
			isa = PBXGroup;
			children = (
				C1B5DB9A294870C00040FB29 /* MySesacImageView.swift */,
				C1B5DB9E294875EC0040FB29 /* ShopViewController.swift */,
				C1B5DB9C2948748A0040FB29 /* ShopTabViewController.swift */,
			);
			path = View;
			sourceTree = "<group>";
		};
		C1B5DB982948709E0040FB29 /* ViewModel */ = {
			isa = PBXGroup;
			children = (
			);
			path = ViewModel;
			sourceTree = "<group>";
		};
		C1B5DB99294870A60040FB29 /* Model */ = {
			isa = PBXGroup;
			children = (
			);
			path = Model;
			sourceTree = "<group>";
		};
		C1BAF7D12926169C007157AC /* Shop */ = {
			isa = PBXGroup;
			children = (
				C1B5DB97294870900040FB29 /* View */,
				C1B5DB982948709E0040FB29 /* ViewModel */,
				C1B5DB99294870A60040FB29 /* Model */,
			);
			path = Shop;
			sourceTree = "<group>";
		};
		C1BAF7E92926654E007157AC /* Cell */ = {
			isa = PBXGroup;
			children = (
				C1BAF7DE29266543007157AC /* MyNameTableViewCell.swift */,
				C1BAF7DF29266543007157AC /* MyPageTableViewCell.swift */,
			);
			path = Cell;
			sourceTree = "<group>";
		};
		C1C1C1F12936752A00651EB6 /* Chatting */ = {
			isa = PBXGroup;
			children = (
				C11DC4732938B70300569282 /* View */,
				C11DC4722938B6F600569282 /* ViewModel */,
				C1F23147293E240F002A701E /* Model */,
			);
			path = Chatting;
			sourceTree = "<group>";
		};
		C1D789832922054D00A83600 /* Scenes */ = {
			isa = PBXGroup;
			children = (
				C1D78990292225D500A83600 /* Splash */,
				C1D78991292225ED00A83600 /* Onboarding */,
				C1D78992292225F600A83600 /* PhoneAuth */,
				C1D789932922260C00A83600 /* SignUp */,
				C1D789A22922280A00A83600 /* Main */,
			);
			path = Scenes;
			sourceTree = "<group>";
		};
		C1D78990292225D500A83600 /* Splash */ = {
			isa = PBXGroup;
			children = (
				C17D12FE291ED39A007D8049 /* LaunchViewController.swift */,
				C17D1300291ED671007D8049 /* SplashView.swift */,
			);
			path = Splash;
			sourceTree = "<group>";
		};
		C1D78991292225ED00A83600 /* Onboarding */ = {
			isa = PBXGroup;
			children = (
				C19373C8291AA7E5008C8FED /* PageContentsViewController.swift */,
				C19373CA291AA873008C8FED /* PageViewController.swift */,
				C19373B6291A7697008C8FED /* OnBoardingViewController.swift */,
			);
			path = Onboarding;
			sourceTree = "<group>";
		};
		C1D78992292225F600A83600 /* PhoneAuth */ = {
			isa = PBXGroup;
			children = (
				C1D78998292226FF00A83600 /* Auth */,
				C1D789992922270600A83600 /* Input */,
			);
			path = PhoneAuth;
			sourceTree = "<group>";
		};
		C1D789932922260C00A83600 /* SignUp */ = {
			isa = PBXGroup;
			children = (
				C1D7899E2922276B00A83600 /* Nickname */,
				C1D7899F2922277700A83600 /* Birth */,
				C1D789A02922278300A83600 /* Email */,
				C1D789A12922278A00A83600 /* Gender */,
			);
			path = SignUp;
			sourceTree = "<group>";
		};
		C1D789942922262B00A83600 /* Enum */ = {
			isa = PBXGroup;
			children = (
				C17D12F7291EA9F5007D8049 /* TextFieldControl.swift */,
				C1ACFDA1291F8A97002941DF /* AuthTap.swift */,
				C17D12F9291EAF58007D8049 /* GenderTap.swift */,
				C12CD14B292363E10083C869 /* InfoSection.swift */,
				C10CBA24292D5ECD0010E812 /* GenderFilterTap.swift */,
				C1C1C1ED293619F700651EB6 /* MyQueueState.swift */,
				C1C1C1EF2936615100651EB6 /* SesacImages.swift */,
				C1A6E4C92939EC2C00F46DCC /* TextCase.swift */,
				C1F23151293F317B002A701E /* MoreMenuTap.swift */,
				C164ADD42947A4360000968C /* CancelCase.swift */,
				C1B5DB9529485AB90040FB29 /* ReviewCase.swift */,
			);
			path = Enum;
			sourceTree = "<group>";
		};
		C1D789952922263200A83600 /* Struct */ = {
			isa = PBXGroup;
			children = (
				C1BDB24D2921696300479A3A /* UserDefaultsWrapper.swift */,
				C1BDB24F2921699200479A3A /* UserDefaultsManager.swift */,
				C19373CC291ABFE3008C8FED /* PageContents.swift */,
				C133DC332931E8A400CC0E7F /* InfoData.swift */,
				C1D789AE29224BEB00A83600 /* SettingList.swift */,
				C161BE1A292E06D80066786F /* AnnotationList.swift */,
				C1840870292F5FB30076FB8C /* TagList.swift */,
				C1DE137B2934DE3700FC3016 /* SesacList.swift */,
			);
			path = Struct;
			sourceTree = "<group>";
		};
		C1D78998292226FF00A83600 /* Auth */ = {
			isa = PBXGroup;
			children = (
				C19CA032291B862F00CC6761 /* PhoneAuthViewModel.swift */,
				C19CA02E291B83E700CC6761 /* PhoneAuthViewController.swift */,
				C19CA030291B862000CC6761 /* PhoneAuthView.swift */,
			);
			path = Auth;
			sourceTree = "<group>";
		};
		C1D789992922270600A83600 /* Input */ = {
			isa = PBXGroup;
			children = (
				C1440697291C210900B6C9EC /* PhoneInputViewModel.swift */,
				C1440695291C20F700B6C9EC /* PhoneInputViewController.swift */,
				C1440693291C20E600B6C9EC /* PhoneInputView.swift */,
			);
			path = Input;
			sourceTree = "<group>";
		};
		C1D7899E2922276B00A83600 /* Nickname */ = {
			isa = PBXGroup;
			children = (
				C1C949A0291D047200A58FBF /* NicknameViewModel.swift */,
				C1C9499C291D042400A58FBF /* NicknameViewController.swift */,
				C1C9499E291D044700A58FBF /* NicknameView.swift */,
			);
			path = Nickname;
			sourceTree = "<group>";
		};
		C1D7899F2922277700A83600 /* Birth */ = {
			isa = PBXGroup;
			children = (
				C1C949A6291D155A00A58FBF /* DateViewModel.swift */,
				C1C949A4291D154E00A58FBF /* DateViewController.swift */,
				C1C949A2291D14FA00A58FBF /* DateView.swift */,
			);
			path = Birth;
			sourceTree = "<group>";
		};
		C1D789A02922278300A83600 /* Email */ = {
			isa = PBXGroup;
			children = (
				C1C15E93291E34E7005B9188 /* EmailViewModel.swift */,
				C1C15E91291E34C6005B9188 /* EmailViewController.swift */,
				C1C15E8F291E34BA005B9188 /* EmailView.swift */,
			);
			path = Email;
			sourceTree = "<group>";
		};
		C1D789A12922278A00A83600 /* Gender */ = {
			isa = PBXGroup;
			children = (
				C1C15E99291E4054005B9188 /* GenderViewModel.swift */,
				C1C15E97291E404A005B9188 /* GenderViewController.swift */,
				C1C15E95291E4042005B9188 /* GenderView.swift */,
			);
			path = Gender;
			sourceTree = "<group>";
		};
		C1D789A22922280A00A83600 /* Main */ = {
			isa = PBXGroup;
			children = (
				C1D78988292222A800A83600 /* MainTabBarController.swift */,
				C1D789A32922283000A83600 /* Home */,
				C1BAF7D12926169C007157AC /* Shop */,
				C1D789A42922286700A83600 /* MyPage */,
			);
			path = Main;
			sourceTree = "<group>";
		};
		C1D789A32922283000A83600 /* Home */ = {
			isa = PBXGroup;
			children = (
				C1D0E0A2292C0C1500370579 /* HomeViewController.swift */,
				C1D0E0A0292C0C0000370579 /* HomeView.swift */,
				C1D0E0A4292C0C1D00370579 /* HomeViewModel.swift */,
				C161BE1C292E271E0066786F /* StudyInput */,
				C1840874292FEA110076FB8C /* SesacSearch */,
				C1C1C1F12936752A00651EB6 /* Chatting */,
			);
			path = Home;
			sourceTree = "<group>";
		};
		C1D789A42922286700A83600 /* MyPage */ = {
			isa = PBXGroup;
			children = (
				C1D7898A2922230D00A83600 /* MyPageViewController.swift */,
				C1D789B02922500500A83600 /* MyPageViewModel.swift */,
				C1BAF7E92926654E007157AC /* Cell */,
				C1D789BD2922A8C700A83600 /* MyInfo */,
			);
			path = MyPage;
			sourceTree = "<group>";
		};
		C1D789A5292228CD00A83600 /* Base */ = {
			isa = PBXGroup;
			children = (
				C19CA034291B870200CC6761 /* BaseView.swift */,
				C19CA036291B874000CC6761 /* BaseViewController.swift */,
				C1D789A62922420F00A83600 /* BaseCollectionViewCell.swift */,
				C1D789B22922518700A83600 /* BaseTableViewCell.swift */,
			);
			path = Base;
			sourceTree = "<group>";
		};
		C1D789BD2922A8C700A83600 /* MyInfo */ = {
			isa = PBXGroup;
			children = (
				C1D789BE2922A8EB00A83600 /* MyInfoViewController.swift */,
				C12CD1532923BF9A0083C869 /* MyInfoViewModel.swift */,
				C1ADB798292B8C8800867752 /* WithdrawViewController.swift */,
				C1621FBD292715BD00DD720E /* Cell */,
			);
			path = MyInfo;
			sourceTree = "<group>";
		};
		C1D789C02922AAA800A83600 /* Custom */ = {
			isa = PBXGroup;
			children = (
				C10CBA20292CDFFA0010E812 /* AnnotationType.swift */,
				C184087D292FEE320076FB8C /* EmptyView.swift */,
				C1D789C12922AABB00A83600 /* CircleImageView.swift */,
				C110D27129275C0600CD536D /* ThumbButton.swift */,
				C110D27529275C8F00CD536D /* CustomSlider.swift */,
				C1A6E4CB293A2A8900F46DCC /* BasePaddingLabel.swift */,
				C11AE562293C8E9300D326AC /* MoreMenuButton.swift */,
				C11AE56A293CA6B900D326AC /* ReviewButton.swift */,
			);
			path = Custom;
			sourceTree = "<group>";
		};
		C1F2313C293E167D002A701E /* Utility */ = {
			isa = PBXGroup;
			children = (
				C1F2313D293E16B8002A701E /* Database */,
			);
			path = Utility;
			sourceTree = "<group>";
		};
		C1F2313D293E16B8002A701E /* Database */ = {
			isa = PBXGroup;
			children = (
				C1F2313E293E185F002A701E /* ChatData.swift */,
				C1F23145293E1F1E002A701E /* ChatRepository.swift */,
			);
			path = Database;
			sourceTree = "<group>";
		};
		C1F23147293E240F002A701E /* Model */ = {
			isa = PBXGroup;
			children = (
				C1F23148293E2431002A701E /* ChatDataModel.swift */,
			);
			path = Model;
			sourceTree = "<group>";
		};
		C1FB784D294B14C00070A383 /* Class */ = {
			isa = PBXGroup;
			children = (
				C1FB784E294B14DF0070A383 /* MyData.swift */,
			);
			path = Class;
			sourceTree = "<group>";
		};
/* End PBXGroup section */

/* Begin PBXNativeTarget section */
		C1817C442918E0C500382A09 /* SeSACStudy */ = {
			isa = PBXNativeTarget;
			buildConfigurationList = C1817C592918E0C600382A09 /* Build configuration list for PBXNativeTarget "SeSACStudy" */;
			buildPhases = (
				C1817C412918E0C500382A09 /* Sources */,
				C1817C422918E0C500382A09 /* Frameworks */,
				C1817C432918E0C500382A09 /* Resources */,
			);
			buildRules = (
			);
			dependencies = (
			);
			name = SeSACStudy;
			packageProductDependencies = (
				C19373B9291A7FC7008C8FED /* SnapKit */,
				C19CA03B291B950E00CC6761 /* Toast */,
				C14D215E2920F33400FF2AF3 /* FirebaseAuth */,
				C14D21602920F33400FF2AF3 /* FirebaseMessaging */,
				C14D21672920F5F600FF2AF3 /* Alamofire */,
				C133DC2D2930ACD300CC0E7F /* Tabman */,
				C1F23141293E1A6C002A701E /* Realm */,
				C1F23143293E1A6C002A701E /* RealmSwift */,
				C1F2314D293F29F4002A701E /* SocketIO */,
				C124BE7429474E630051E44F /* RxCocoa */,
				C124BE7629474E630051E44F /* RxSwift */,
				C1B5DB91294842AC0040FB29 /* RxKeyboard */,
			);
			productName = SeSACStudy;
			productReference = C1817C452918E0C500382A09 /* SeSACStudy.app */;
			productType = "com.apple.product-type.application";
		};
/* End PBXNativeTarget section */

/* Begin PBXProject section */
		C1817C3D2918E0C500382A09 /* Project object */ = {
			isa = PBXProject;
			attributes = {
				BuildIndependentTargetsInParallel = 1;
				LastSwiftUpdateCheck = 1410;
				LastUpgradeCheck = 1410;
				TargetAttributes = {
					C1817C442918E0C500382A09 = {
						CreatedOnToolsVersion = 14.1;
					};
				};
			};
			buildConfigurationList = C1817C402918E0C500382A09 /* Build configuration list for PBXProject "SeSACStudy" */;
			compatibilityVersion = "Xcode 14.0";
			developmentRegion = en;
			hasScannedForEncodings = 0;
			knownRegions = (
				en,
				Base,
			);
			mainGroup = C1817C3C2918E0C500382A09;
			packageReferences = (
				C19373B8291A7FC7008C8FED /* XCRemoteSwiftPackageReference "SnapKit" */,
				C19CA03A291B950E00CC6761 /* XCRemoteSwiftPackageReference "Toast-Swift" */,
				C14D215D2920F33400FF2AF3 /* XCRemoteSwiftPackageReference "firebase-ios-sdk" */,
				C14D21662920F5F600FF2AF3 /* XCRemoteSwiftPackageReference "Alamofire" */,
				C133DC2C2930ACD300CC0E7F /* XCRemoteSwiftPackageReference "Tabman" */,
				C1F23140293E1A6B002A701E /* XCRemoteSwiftPackageReference "realm-swift" */,
				C1F2314C293F29F4002A701E /* XCRemoteSwiftPackageReference "socket.io-client-swift" */,
				C124BE7329474E630051E44F /* XCRemoteSwiftPackageReference "RxSwift" */,
				C1B5DB90294842AC0040FB29 /* XCRemoteSwiftPackageReference "RxKeyboard" */,
			);
			productRefGroup = C1817C462918E0C500382A09 /* Products */;
			projectDirPath = "";
			projectRoot = "";
			targets = (
				C1817C442918E0C500382A09 /* SeSACStudy */,
			);
		};
/* End PBXProject section */

/* Begin PBXResourcesBuildPhase section */
		C1817C432918E0C500382A09 /* Resources */ = {
			isa = PBXResourcesBuildPhase;
			buildActionMask = 2147483647;
			files = (
				C150F4CB291B5348004BF518 /* NotoSansCJKkr-Regular.otf in Resources */,
				C1817C552918E0C600382A09 /* LaunchScreen.storyboard in Resources */,
				C19373BE291A89CE008C8FED /* .gitignore in Resources */,
				C1817C522918E0C600382A09 /* Assets.xcassets in Resources */,
				C19373C3291A9E32008C8FED /* NotoSansCJKkr-Medium.otf in Resources */,
				C1BDB24C2920FF5B00479A3A /* GoogleService-Info.plist in Resources */,
			);
			runOnlyForDeploymentPostprocessing = 0;
		};
/* End PBXResourcesBuildPhase section */

/* Begin PBXSourcesBuildPhase section */
		C1817C412918E0C500382A09 /* Sources */ = {
			isa = PBXSourcesBuildPhase;
			buildActionMask = 2147483647;
			files = (
				C133DC302930AFC900CC0E7F /* SesacSearchTabViewController.swift in Sources */,
				C19373CD291ABFE3008C8FED /* PageContents.swift in Sources */,
				C19373C9291AA7E5008C8FED /* PageContentsViewController.swift in Sources */,
				C1F23152293F317B002A701E /* MoreMenuTap.swift in Sources */,
				C184087E292FEE320076FB8C /* EmptyView.swift in Sources */,
				C11DC4752938B7AD00569282 /* ChatView.swift in Sources */,
				C1C949A1291D047200A58FBF /* NicknameViewModel.swift in Sources */,
				C1DE137C2934DE3700FC3016 /* SesacList.swift in Sources */,
				C1BAF7E429266543007157AC /* UserImageCollectionViewCell.swift in Sources */,
				C11AE567293CA02600D326AC /* ReviewViewController.swift in Sources */,
				C1A6E4CC293A2A8900F46DCC /* BasePaddingLabel.swift in Sources */,
				C1817C6C2918FD0300382A09 /* BlackNWhite.swift in Sources */,
				C1D789B32922518700A83600 /* BaseTableViewCell.swift in Sources */,
				C11AE563293C8E9300D326AC /* MoreMenuButton.swift in Sources */,
				C1BDB24E2921696300479A3A /* UserDefaultsWrapper.swift in Sources */,
				C1C949A7291D155A00A58FBF /* DateViewModel.swift in Sources */,
				C17D12F8291EA9F5007D8049 /* TextFieldControl.swift in Sources */,
				C161BE1B292E06D80066786F /* AnnotationList.swift in Sources */,
				C1F23149293E2431002A701E /* ChatDataModel.swift in Sources */,
				C1C1C1F02936615100651EB6 /* SesacImages.swift in Sources */,
				C1BAF7E529266543007157AC /* MyNameTableViewCell.swift in Sources */,
				C1A6E4CA2939EC2C00F46DCC /* TextCase.swift in Sources */,
				C1A6E4CE293C5CF800F46DCC /* ChatViewModel.swift in Sources */,
				C1C15E9A291E4054005B9188 /* GenderViewModel.swift in Sources */,
				C1ACFDA2291F8A97002941DF /* AuthTap.swift in Sources */,
				C1BAF7ED292665E7007157AC /* WithdrawCollectionViewCell.swift in Sources */,
				C19373CB291AA873008C8FED /* PageViewController.swift in Sources */,
				C10CBA25292D5ECD0010E812 /* GenderFilterTap.swift in Sources */,
				C1840878292FEAA20076FB8C /* SesacSearchViewModel.swift in Sources */,
				C1D78989292222A800A83600 /* MainTabBarController.swift in Sources */,
				C17C5B172932355600594491 /* SesacSearchCollectionReusableView.swift in Sources */,
				C11DC47E2939280B00569282 /* ChatRouter.swift in Sources */,
				C161BE1E292E275B0066786F /* StudyInputViewController.swift in Sources */,
				C1C1C1F32936756800651EB6 /* ChattingViewController.swift in Sources */,
				C124BE7B2947985A0051E44F /* CancelViewController.swift in Sources */,
				C1BAF7E729266543007157AC /* AgeCollectionViewCell.swift in Sources */,
				C1D789A72922420F00A83600 /* BaseCollectionViewCell.swift in Sources */,
				C161BE22292E28530066786F /* StudyInputViewModel.swift in Sources */,
				C1C15E98291E404A005B9188 /* GenderViewController.swift in Sources */,
				C14D21652920F5C800FF2AF3 /* Router.swift in Sources */,
				C1D0E0A5292C0C1D00370579 /* HomeViewModel.swift in Sources */,
				C1817C492918E0C500382A09 /* AppDelegate.swift in Sources */,
				C1D789BF2922A8EB00A83600 /* MyInfoViewController.swift in Sources */,
				C17D12FF291ED39A007D8049 /* LaunchViewController.swift in Sources */,
				C1BAF7E329266543007157AC /* StudyCollectionViewCell.swift in Sources */,
				C1D0E0A1292C0C0000370579 /* HomeView.swift in Sources */,
				C1C9499D291D042400A58FBF /* NicknameViewController.swift in Sources */,
				C1D7898B2922230D00A83600 /* MyPageViewController.swift in Sources */,
				C1B5DB9B294870C00040FB29 /* MySesacImageView.swift in Sources */,
				C10CBA1F292CA5260010E812 /* UIButton + Extensions.swift in Sources */,
				C184086D292E97C50076FB8C /* StudyInputCollectionReusableView.swift in Sources */,
				C11DC47A2938B9C600569282 /* MyChatTableViewCell.swift in Sources */,
				C1C9499F291D044700A58FBF /* NicknameView.swift in Sources */,
				C1ADB799292B8C8800867752 /* WithdrawViewController.swift in Sources */,
				C133DC342931E8A400CC0E7F /* InfoData.swift in Sources */,
				C1F2313F293E185F002A701E /* ChatData.swift in Sources */,
				C1F23146293E1F1E002A701E /* ChatRepository.swift in Sources */,
				C17D1301291ED671007D8049 /* SplashView.swift in Sources */,
				C1840871292F5FB30076FB8C /* TagList.swift in Sources */,
				C110D2782927681C00CD536D /* Comparable + Extensions.swift in Sources */,
				C19CA031291B862000CC6761 /* PhoneAuthView.swift in Sources */,
				C12CD14C292363E10083C869 /* InfoSection.swift in Sources */,
				C184086F292E99D50076FB8C /* StudyInputCollectionViewCell.swift in Sources */,
				C1FB784F294B14DF0070A383 /* MyData.swift in Sources */,
				C1840876292FEA8E0076FB8C /* SesacSearchViewController.swift in Sources */,
				C1440698291C210900B6C9EC /* PhoneInputViewModel.swift in Sources */,
				C19373BC291A8230008C8FED /* Icons.swift in Sources */,
				C19CA037291B874000CC6761 /* BaseViewController.swift in Sources */,
				C1BAF7E629266543007157AC /* MyPageTableViewCell.swift in Sources */,
				C1D789AD292242E900A83600 /* NetworkMonitor.swift in Sources */,
				C1089EAF2937361500A782A5 /* UINavigationController + Extensions.swift in Sources */,
				C1B5DB9D2948748A0040FB29 /* ShopTabViewController.swift in Sources */,
				C1440696291C20F700B6C9EC /* PhoneInputViewController.swift in Sources */,
				C14D21632920F5C200FF2AF3 /* APIService.swift in Sources */,
				C19373B7291A7697008C8FED /* OnBoardingViewController.swift in Sources */,
				C11AE569293CA1A200D326AC /* ReviewView.swift in Sources */,
				C1D789C22922AABB00A83600 /* CircleImageView.swift in Sources */,
				C1BAF7E229266543007157AC /* UserCardCollectionViewCell.swift in Sources */,
				C1D78985292209BD00A83600 /* NetworkError.swift in Sources */,
				C11DC47C2938C87E00569282 /* YourChatTableViewCell.swift in Sources */,
				C1B5DB9629485AB90040FB29 /* ReviewCase.swift in Sources */,
				C110D27A2927931700CD536D /* UIImage + Extensions.swift in Sources */,
				C1C949A3291D14FA00A58FBF /* DateView.swift in Sources */,
				C164ADD52947A4360000968C /* CancelCase.swift in Sources */,
				C1817C4B2918E0C500382A09 /* SceneDelegate.swift in Sources */,
				C10CBA21292CDFFA0010E812 /* AnnotationType.swift in Sources */,
				C1C15E94291E34E7005B9188 /* EmailViewModel.swift in Sources */,
				C19CA033291B862F00CC6761 /* PhoneAuthViewModel.swift in Sources */,
				C1D0E0A3292C0C1500370579 /* HomeViewController.swift in Sources */,
				C1D789AF29224BEB00A83600 /* SettingList.swift in Sources */,
				C1B5DB9F294875EC0040FB29 /* ShopViewController.swift in Sources */,
				C19CA02F291B83E700CC6761 /* PhoneAuthViewController.swift in Sources */,
				C110D27629275C8F00CD536D /* CustomSlider.swift in Sources */,
				C14D216A2920FB7D00FF2AF3 /* DTO.swift in Sources */,
				C1C15E92291E34C6005B9188 /* EmailViewController.swift in Sources */,
				C1B5DB942948517A0040FB29 /* QueueRouter.swift in Sources */,
				C1817C6E2918FD1100382A09 /* BrandColor.swift in Sources */,
				C19CA043291B96F000CC6761 /* CommonViewModel.swift in Sources */,
				C1817C702918FD1A00382A09 /* GrayScale.swift in Sources */,
				C1D789B12922500500A83600 /* MyPageViewModel.swift in Sources */,
				C1BAF7EB2926658D007157AC /* SearchAllowCollectionViewCell.swift in Sources */,
				C19CA045291BA20400CC6761 /* String + Extensions.swift in Sources */,
				C12CD1542923BF9A0083C869 /* MyInfoViewModel.swift in Sources */,
				C1BAF7E829266543007157AC /* GenderCollectionViewCell.swift in Sources */,
				C1DE137E293532FF00FC3016 /* RequestViewController.swift in Sources */,
				C17D12FA291EAF58007D8049 /* GenderTap.swift in Sources */,
				C11DC4782938B9B900569282 /* DateTableViewCell.swift in Sources */,
				C1D789AB292242BB00A83600 /* ReusableViewProtocol.swift in Sources */,
				C1440694291C20E600B6C9EC /* PhoneInputView.swift in Sources */,
				C19373C7291A9EE2008C8FED /* Fonts.swift in Sources */,
				C1C15E96291E4042005B9188 /* GenderView.swift in Sources */,
				C1817C722918FD2600382A09 /* SystemColor.swift in Sources */,
				C1BDB2502921699200479A3A /* UserDefaultsManager.swift in Sources */,
				C1C949A5291D154E00A58FBF /* DateViewController.swift in Sources */,
				C1C15E90291E34BA005B9188 /* EmailView.swift in Sources */,
				C1C1C1EE293619F700651EB6 /* MyQueueState.swift in Sources */,
				C1F23150293F2A95002A701E /* SocketIOManager.swift in Sources */,
				C110D27229275C0600CD536D /* ThumbButton.swift in Sources */,
				C19CA035291B870200CC6761 /* BaseView.swift in Sources */,
				C11AE56B293CA6B900D326AC /* ReviewButton.swift in Sources */,
			);
			runOnlyForDeploymentPostprocessing = 0;
		};
/* End PBXSourcesBuildPhase section */

/* Begin PBXVariantGroup section */
		C1817C532918E0C600382A09 /* LaunchScreen.storyboard */ = {
			isa = PBXVariantGroup;
			children = (
				C1817C542918E0C600382A09 /* Base */,
			);
			name = LaunchScreen.storyboard;
			sourceTree = "<group>";
		};
/* End PBXVariantGroup section */

/* Begin XCBuildConfiguration section */
		C1817C572918E0C600382A09 /* Debug */ = {
			isa = XCBuildConfiguration;
			buildSettings = {
				ALWAYS_SEARCH_USER_PATHS = NO;
				CLANG_ANALYZER_NONNULL = YES;
				CLANG_ANALYZER_NUMBER_OBJECT_CONVERSION = YES_AGGRESSIVE;
				CLANG_CXX_LANGUAGE_STANDARD = "gnu++20";
				CLANG_ENABLE_MODULES = YES;
				CLANG_ENABLE_OBJC_ARC = YES;
				CLANG_ENABLE_OBJC_WEAK = YES;
				CLANG_WARN_BLOCK_CAPTURE_AUTORELEASING = YES;
				CLANG_WARN_BOOL_CONVERSION = YES;
				CLANG_WARN_COMMA = YES;
				CLANG_WARN_CONSTANT_CONVERSION = YES;
				CLANG_WARN_DEPRECATED_OBJC_IMPLEMENTATIONS = YES;
				CLANG_WARN_DIRECT_OBJC_ISA_USAGE = YES_ERROR;
				CLANG_WARN_DOCUMENTATION_COMMENTS = YES;
				CLANG_WARN_EMPTY_BODY = YES;
				CLANG_WARN_ENUM_CONVERSION = YES;
				CLANG_WARN_INFINITE_RECURSION = YES;
				CLANG_WARN_INT_CONVERSION = YES;
				CLANG_WARN_NON_LITERAL_NULL_CONVERSION = YES;
				CLANG_WARN_OBJC_IMPLICIT_RETAIN_SELF = YES;
				CLANG_WARN_OBJC_LITERAL_CONVERSION = YES;
				CLANG_WARN_OBJC_ROOT_CLASS = YES_ERROR;
				CLANG_WARN_QUOTED_INCLUDE_IN_FRAMEWORK_HEADER = YES;
				CLANG_WARN_RANGE_LOOP_ANALYSIS = YES;
				CLANG_WARN_STRICT_PROTOTYPES = YES;
				CLANG_WARN_SUSPICIOUS_MOVE = YES;
				CLANG_WARN_UNGUARDED_AVAILABILITY = YES_AGGRESSIVE;
				CLANG_WARN_UNREACHABLE_CODE = YES;
				CLANG_WARN__DUPLICATE_METHOD_MATCH = YES;
				COPY_PHASE_STRIP = NO;
				DEBUG_INFORMATION_FORMAT = dwarf;
				ENABLE_STRICT_OBJC_MSGSEND = YES;
				ENABLE_TESTABILITY = YES;
				GCC_C_LANGUAGE_STANDARD = gnu11;
				GCC_DYNAMIC_NO_PIC = NO;
				GCC_NO_COMMON_BLOCKS = YES;
				GCC_OPTIMIZATION_LEVEL = 0;
				GCC_PREPROCESSOR_DEFINITIONS = (
					"DEBUG=1",
					"$(inherited)",
				);
				GCC_WARN_64_TO_32_BIT_CONVERSION = YES;
				GCC_WARN_ABOUT_RETURN_TYPE = YES_ERROR;
				GCC_WARN_UNDECLARED_SELECTOR = YES;
				GCC_WARN_UNINITIALIZED_AUTOS = YES_AGGRESSIVE;
				GCC_WARN_UNUSED_FUNCTION = YES;
				GCC_WARN_UNUSED_VARIABLE = YES;
				IPHONEOS_DEPLOYMENT_TARGET = 16.1;
				MTL_ENABLE_DEBUG_INFO = INCLUDE_SOURCE;
				MTL_FAST_MATH = YES;
				ONLY_ACTIVE_ARCH = YES;
				SDKROOT = iphoneos;
				SWIFT_ACTIVE_COMPILATION_CONDITIONS = DEBUG;
				SWIFT_OPTIMIZATION_LEVEL = "-Onone";
			};
			name = Debug;
		};
		C1817C582918E0C600382A09 /* Release */ = {
			isa = XCBuildConfiguration;
			buildSettings = {
				ALWAYS_SEARCH_USER_PATHS = NO;
				CLANG_ANALYZER_NONNULL = YES;
				CLANG_ANALYZER_NUMBER_OBJECT_CONVERSION = YES_AGGRESSIVE;
				CLANG_CXX_LANGUAGE_STANDARD = "gnu++20";
				CLANG_ENABLE_MODULES = YES;
				CLANG_ENABLE_OBJC_ARC = YES;
				CLANG_ENABLE_OBJC_WEAK = YES;
				CLANG_WARN_BLOCK_CAPTURE_AUTORELEASING = YES;
				CLANG_WARN_BOOL_CONVERSION = YES;
				CLANG_WARN_COMMA = YES;
				CLANG_WARN_CONSTANT_CONVERSION = YES;
				CLANG_WARN_DEPRECATED_OBJC_IMPLEMENTATIONS = YES;
				CLANG_WARN_DIRECT_OBJC_ISA_USAGE = YES_ERROR;
				CLANG_WARN_DOCUMENTATION_COMMENTS = YES;
				CLANG_WARN_EMPTY_BODY = YES;
				CLANG_WARN_ENUM_CONVERSION = YES;
				CLANG_WARN_INFINITE_RECURSION = YES;
				CLANG_WARN_INT_CONVERSION = YES;
				CLANG_WARN_NON_LITERAL_NULL_CONVERSION = YES;
				CLANG_WARN_OBJC_IMPLICIT_RETAIN_SELF = YES;
				CLANG_WARN_OBJC_LITERAL_CONVERSION = YES;
				CLANG_WARN_OBJC_ROOT_CLASS = YES_ERROR;
				CLANG_WARN_QUOTED_INCLUDE_IN_FRAMEWORK_HEADER = YES;
				CLANG_WARN_RANGE_LOOP_ANALYSIS = YES;
				CLANG_WARN_STRICT_PROTOTYPES = YES;
				CLANG_WARN_SUSPICIOUS_MOVE = YES;
				CLANG_WARN_UNGUARDED_AVAILABILITY = YES_AGGRESSIVE;
				CLANG_WARN_UNREACHABLE_CODE = YES;
				CLANG_WARN__DUPLICATE_METHOD_MATCH = YES;
				COPY_PHASE_STRIP = NO;
				DEBUG_INFORMATION_FORMAT = "dwarf-with-dsym";
				ENABLE_NS_ASSERTIONS = NO;
				ENABLE_STRICT_OBJC_MSGSEND = YES;
				GCC_C_LANGUAGE_STANDARD = gnu11;
				GCC_NO_COMMON_BLOCKS = YES;
				GCC_WARN_64_TO_32_BIT_CONVERSION = YES;
				GCC_WARN_ABOUT_RETURN_TYPE = YES_ERROR;
				GCC_WARN_UNDECLARED_SELECTOR = YES;
				GCC_WARN_UNINITIALIZED_AUTOS = YES_AGGRESSIVE;
				GCC_WARN_UNUSED_FUNCTION = YES;
				GCC_WARN_UNUSED_VARIABLE = YES;
				IPHONEOS_DEPLOYMENT_TARGET = 16.1;
				MTL_ENABLE_DEBUG_INFO = NO;
				MTL_FAST_MATH = YES;
				SDKROOT = iphoneos;
				SWIFT_COMPILATION_MODE = wholemodule;
				SWIFT_OPTIMIZATION_LEVEL = "-O";
				VALIDATE_PRODUCT = YES;
			};
			name = Release;
		};
		C1817C5A2918E0C600382A09 /* Debug */ = {
			isa = XCBuildConfiguration;
			buildSettings = {
				ASSETCATALOG_COMPILER_APPICON_NAME = AppIcon;
				ASSETCATALOG_COMPILER_GLOBAL_ACCENT_COLOR_NAME = AccentColor;
				CODE_SIGN_ENTITLEMENTS = SeSACStudy/SeSACStudy.entitlements;
				CODE_SIGN_STYLE = Automatic;
				CURRENT_PROJECT_VERSION = 1;
				DEVELOPMENT_TEAM = 54R3763M9G;
				GENERATE_INFOPLIST_FILE = YES;
				INFOPLIST_FILE = SeSACStudy/Info.plist;
				INFOPLIST_KEY_UIApplicationSupportsIndirectInputEvents = YES;
				INFOPLIST_KEY_UILaunchStoryboardName = LaunchScreen.storyboard;
				INFOPLIST_KEY_UIMainStoryboardFile = "";
				INFOPLIST_KEY_UISupportedInterfaceOrientations_iPad = "UIInterfaceOrientationPortrait UIInterfaceOrientationPortraitUpsideDown UIInterfaceOrientationLandscapeLeft UIInterfaceOrientationLandscapeRight";
				INFOPLIST_KEY_UISupportedInterfaceOrientations_iPhone = "UIInterfaceOrientationPortrait UIInterfaceOrientationLandscapeLeft UIInterfaceOrientationLandscapeRight";
				INFOPLIST_KEY_UIUserInterfaceStyle = Light;
				IPHONEOS_DEPLOYMENT_TARGET = 15.0;
				LD_RUNPATH_SEARCH_PATHS = (
					"$(inherited)",
					"@executable_path/Frameworks",
				);
				MARKETING_VERSION = 1.0;
				PRODUCT_BUNDLE_IDENTIFIER = com.memolease.sesacslp;
				PRODUCT_NAME = "$(TARGET_NAME)";
				SUPPORTED_PLATFORMS = "iphoneos iphonesimulator";
				SUPPORTS_MACCATALYST = NO;
				SUPPORTS_MAC_DESIGNED_FOR_IPHONE_IPAD = NO;
				SWIFT_EMIT_LOC_STRINGS = YES;
				SWIFT_VERSION = 5.0;
				TARGETED_DEVICE_FAMILY = 1;
			};
			name = Debug;
		};
		C1817C5B2918E0C600382A09 /* Release */ = {
			isa = XCBuildConfiguration;
			buildSettings = {
				ASSETCATALOG_COMPILER_APPICON_NAME = AppIcon;
				ASSETCATALOG_COMPILER_GLOBAL_ACCENT_COLOR_NAME = AccentColor;
				CODE_SIGN_ENTITLEMENTS = SeSACStudy/SeSACStudy.entitlements;
				CODE_SIGN_STYLE = Automatic;
				CURRENT_PROJECT_VERSION = 1;
				DEVELOPMENT_TEAM = 54R3763M9G;
				GENERATE_INFOPLIST_FILE = YES;
				INFOPLIST_FILE = SeSACStudy/Info.plist;
				INFOPLIST_KEY_UIApplicationSupportsIndirectInputEvents = YES;
				INFOPLIST_KEY_UILaunchStoryboardName = LaunchScreen.storyboard;
				INFOPLIST_KEY_UIMainStoryboardFile = "";
				INFOPLIST_KEY_UISupportedInterfaceOrientations_iPad = "UIInterfaceOrientationPortrait UIInterfaceOrientationPortraitUpsideDown UIInterfaceOrientationLandscapeLeft UIInterfaceOrientationLandscapeRight";
				INFOPLIST_KEY_UISupportedInterfaceOrientations_iPhone = "UIInterfaceOrientationPortrait UIInterfaceOrientationLandscapeLeft UIInterfaceOrientationLandscapeRight";
				INFOPLIST_KEY_UIUserInterfaceStyle = Light;
				IPHONEOS_DEPLOYMENT_TARGET = 15.0;
				LD_RUNPATH_SEARCH_PATHS = (
					"$(inherited)",
					"@executable_path/Frameworks",
				);
				MARKETING_VERSION = 1.0;
				PRODUCT_BUNDLE_IDENTIFIER = com.memolease.sesacslp;
				PRODUCT_NAME = "$(TARGET_NAME)";
				SUPPORTED_PLATFORMS = "iphoneos iphonesimulator";
				SUPPORTS_MACCATALYST = NO;
				SUPPORTS_MAC_DESIGNED_FOR_IPHONE_IPAD = NO;
				SWIFT_EMIT_LOC_STRINGS = YES;
				SWIFT_VERSION = 5.0;
				TARGETED_DEVICE_FAMILY = 1;
			};
			name = Release;
		};
/* End XCBuildConfiguration section */

/* Begin XCConfigurationList section */
		C1817C402918E0C500382A09 /* Build configuration list for PBXProject "SeSACStudy" */ = {
			isa = XCConfigurationList;
			buildConfigurations = (
				C1817C572918E0C600382A09 /* Debug */,
				C1817C582918E0C600382A09 /* Release */,
			);
			defaultConfigurationIsVisible = 0;
			defaultConfigurationName = Release;
		};
		C1817C592918E0C600382A09 /* Build configuration list for PBXNativeTarget "SeSACStudy" */ = {
			isa = XCConfigurationList;
			buildConfigurations = (
				C1817C5A2918E0C600382A09 /* Debug */,
				C1817C5B2918E0C600382A09 /* Release */,
			);
			defaultConfigurationIsVisible = 0;
			defaultConfigurationName = Release;
		};
/* End XCConfigurationList section */

/* Begin XCRemoteSwiftPackageReference section */
		C124BE7329474E630051E44F /* XCRemoteSwiftPackageReference "RxSwift" */ = {
			isa = XCRemoteSwiftPackageReference;
			repositoryURL = "https://github.com/ReactiveX/RxSwift.git";
			requirement = {
				kind = upToNextMajorVersion;
				minimumVersion = 6.0.0;
			};
		};
		C133DC2C2930ACD300CC0E7F /* XCRemoteSwiftPackageReference "Tabman" */ = {
			isa = XCRemoteSwiftPackageReference;
			repositoryURL = "https://github.com/uias/Tabman.git";
			requirement = {
				kind = upToNextMajorVersion;
				minimumVersion = 3.0.0;
			};
		};
		C14D215D2920F33400FF2AF3 /* XCRemoteSwiftPackageReference "firebase-ios-sdk" */ = {
			isa = XCRemoteSwiftPackageReference;
			repositoryURL = "https://github.com/firebase/firebase-ios-sdk";
			requirement = {
				kind = upToNextMajorVersion;
				minimumVersion = 9.0.0;
			};
		};
		C14D21662920F5F600FF2AF3 /* XCRemoteSwiftPackageReference "Alamofire" */ = {
			isa = XCRemoteSwiftPackageReference;
			repositoryURL = "https://github.com/Alamofire/Alamofire.git";
			requirement = {
				kind = upToNextMajorVersion;
				minimumVersion = 5.0.0;
			};
		};
		C19373B8291A7FC7008C8FED /* XCRemoteSwiftPackageReference "SnapKit" */ = {
			isa = XCRemoteSwiftPackageReference;
			repositoryURL = "https://github.com/SnapKit/SnapKit.git";
			requirement = {
				kind = upToNextMajorVersion;
				minimumVersion = 5.0.0;
			};
		};
		C19CA03A291B950E00CC6761 /* XCRemoteSwiftPackageReference "Toast-Swift" */ = {
			isa = XCRemoteSwiftPackageReference;
			repositoryURL = "https://github.com/scalessec/Toast-Swift.git";
			requirement = {
				kind = upToNextMajorVersion;
				minimumVersion = 5.0.0;
			};
		};
		C1B5DB90294842AC0040FB29 /* XCRemoteSwiftPackageReference "RxKeyboard" */ = {
			isa = XCRemoteSwiftPackageReference;
			repositoryURL = "https://github.com/RxSwiftCommunity/RxKeyboard.git";
			requirement = {
				kind = upToNextMajorVersion;
				minimumVersion = 2.0.0;
			};
		};
		C1F23140293E1A6B002A701E /* XCRemoteSwiftPackageReference "realm-swift" */ = {
			isa = XCRemoteSwiftPackageReference;
			repositoryURL = "https://github.com/realm/realm-swift.git";
			requirement = {
				kind = upToNextMajorVersion;
				minimumVersion = 10.33.0;
			};
		};
		C1F2314C293F29F4002A701E /* XCRemoteSwiftPackageReference "socket.io-client-swift" */ = {
			isa = XCRemoteSwiftPackageReference;
			repositoryURL = "https://github.com/socketio/socket.io-client-swift.git";
			requirement = {
				kind = exactVersion;
				version = 16.0.1;
			};
		};
/* End XCRemoteSwiftPackageReference section */

/* Begin XCSwiftPackageProductDependency section */
		C124BE7429474E630051E44F /* RxCocoa */ = {
			isa = XCSwiftPackageProductDependency;
			package = C124BE7329474E630051E44F /* XCRemoteSwiftPackageReference "RxSwift" */;
			productName = RxCocoa;
		};
		C124BE7629474E630051E44F /* RxSwift */ = {
			isa = XCSwiftPackageProductDependency;
			package = C124BE7329474E630051E44F /* XCRemoteSwiftPackageReference "RxSwift" */;
			productName = RxSwift;
		};
		C133DC2D2930ACD300CC0E7F /* Tabman */ = {
			isa = XCSwiftPackageProductDependency;
			package = C133DC2C2930ACD300CC0E7F /* XCRemoteSwiftPackageReference "Tabman" */;
			productName = Tabman;
		};
		C14D215E2920F33400FF2AF3 /* FirebaseAuth */ = {
			isa = XCSwiftPackageProductDependency;
			package = C14D215D2920F33400FF2AF3 /* XCRemoteSwiftPackageReference "firebase-ios-sdk" */;
			productName = FirebaseAuth;
		};
		C14D21602920F33400FF2AF3 /* FirebaseMessaging */ = {
			isa = XCSwiftPackageProductDependency;
			package = C14D215D2920F33400FF2AF3 /* XCRemoteSwiftPackageReference "firebase-ios-sdk" */;
			productName = FirebaseMessaging;
		};
		C14D21672920F5F600FF2AF3 /* Alamofire */ = {
			isa = XCSwiftPackageProductDependency;
			package = C14D21662920F5F600FF2AF3 /* XCRemoteSwiftPackageReference "Alamofire" */;
			productName = Alamofire;
		};
		C19373B9291A7FC7008C8FED /* SnapKit */ = {
			isa = XCSwiftPackageProductDependency;
			package = C19373B8291A7FC7008C8FED /* XCRemoteSwiftPackageReference "SnapKit" */;
			productName = SnapKit;
		};
		C19CA03B291B950E00CC6761 /* Toast */ = {
			isa = XCSwiftPackageProductDependency;
			package = C19CA03A291B950E00CC6761 /* XCRemoteSwiftPackageReference "Toast-Swift" */;
			productName = Toast;
		};
		C1B5DB91294842AC0040FB29 /* RxKeyboard */ = {
			isa = XCSwiftPackageProductDependency;
			package = C1B5DB90294842AC0040FB29 /* XCRemoteSwiftPackageReference "RxKeyboard" */;
			productName = RxKeyboard;
		};
		C1F23141293E1A6C002A701E /* Realm */ = {
			isa = XCSwiftPackageProductDependency;
			package = C1F23140293E1A6B002A701E /* XCRemoteSwiftPackageReference "realm-swift" */;
			productName = Realm;
		};
		C1F23143293E1A6C002A701E /* RealmSwift */ = {
			isa = XCSwiftPackageProductDependency;
			package = C1F23140293E1A6B002A701E /* XCRemoteSwiftPackageReference "realm-swift" */;
			productName = RealmSwift;
		};
		C1F2314D293F29F4002A701E /* SocketIO */ = {
			isa = XCSwiftPackageProductDependency;
			package = C1F2314C293F29F4002A701E /* XCRemoteSwiftPackageReference "socket.io-client-swift" */;
			productName = SocketIO;
		};
/* End XCSwiftPackageProductDependency section */
	};
	rootObject = C1817C3D2918E0C500382A09 /* Project object */;
}
